// !$*UTF8*$!
{
	archiveVersion = 1;
	classes = {
	};
	objectVersion = 46;
	objects = {

/* Begin PBXBuildFile section */
		3A5C84621BEB186000712ED1 /* AppDelegate.swift in Sources */ = {isa = PBXBuildFile; fileRef = 3A5C84611BEB186000712ED1 /* AppDelegate.swift */; };
		3A5C84671BEB186000712ED1 /* Main.storyboard in Resources */ = {isa = PBXBuildFile; fileRef = 3A5C84651BEB186000712ED1 /* Main.storyboard */; };
		3A5C84691BEB186000712ED1 /* Assets.xcassets in Resources */ = {isa = PBXBuildFile; fileRef = 3A5C84681BEB186000712ED1 /* Assets.xcassets */; };
		3A5C846C1BEB186000712ED1 /* LaunchScreen.storyboard in Resources */ = {isa = PBXBuildFile; fileRef = 3A5C846A1BEB186000712ED1 /* LaunchScreen.storyboard */; };
		3A5C847A1BEB1B1600712ED1 /* HomeViewController.swift in Sources */ = {isa = PBXBuildFile; fileRef = 3A5C84791BEB1B1600712ED1 /* HomeViewController.swift */; };
/* End PBXBuildFile section */

/* Begin PBXFileReference section */
		3A5C845E1BEB186000712ED1 /* Capture.app */ = {isa = PBXFileReference; explicitFileType = wrapper.application; includeInIndex = 0; path = Capture.app; sourceTree = BUILT_PRODUCTS_DIR; };
		3A5C84611BEB186000712ED1 /* AppDelegate.swift */ = {isa = PBXFileReference; lastKnownFileType = sourcecode.swift; path = AppDelegate.swift; sourceTree = "<group>"; };
		3A5C84661BEB186000712ED1 /* Base */ = {isa = PBXFileReference; lastKnownFileType = file.storyboard; name = Base; path = Base.lproj/Main.storyboard; sourceTree = "<group>"; };
		3A5C84681BEB186000712ED1 /* Assets.xcassets */ = {isa = PBXFileReference; lastKnownFileType = folder.assetcatalog; path = Assets.xcassets; sourceTree = "<group>"; };
		3A5C846B1BEB186000712ED1 /* Base */ = {isa = PBXFileReference; lastKnownFileType = file.storyboard; name = Base; path = Base.lproj/LaunchScreen.storyboard; sourceTree = "<group>"; };
		3A5C846D1BEB186000712ED1 /* Info.plist */ = {isa = PBXFileReference; lastKnownFileType = text.plist.xml; path = Info.plist; sourceTree = "<group>"; };
		3A5C84791BEB1B1600712ED1 /* HomeViewController.swift */ = {isa = PBXFileReference; fileEncoding = 4; lastKnownFileType = sourcecode.swift; path = HomeViewController.swift; sourceTree = "<group>"; };
/* End PBXFileReference section */

/* Begin PBXFrameworksBuildPhase section */
		3A5C845B1BEB186000712ED1 /* Frameworks */ = {
			isa = PBXFrameworksBuildPhase;
			buildActionMask = 2147483647;
			files = (
			);
			runOnlyForDeploymentPostprocessing = 0;
		};
/* End PBXFrameworksBuildPhase section */

/* Begin PBXGroup section */
		3A5C84551BEB186000712ED1 = {
			isa = PBXGroup;
			children = (
				3A5C84601BEB186000712ED1 /* Capture */,
				3A5C845F1BEB186000712ED1 /* Products */,
			);
			sourceTree = "<group>";
		};
		3A5C845F1BEB186000712ED1 /* Products */ = {
			isa = PBXGroup;
			children = (
				3A5C845E1BEB186000712ED1 /* Capture.app */,
			);
			name = Products;
			sourceTree = "<group>";
		};
		3A5C84601BEB186000712ED1 /* Capture */ = {
			isa = PBXGroup;
			children = (
				3A5C84741BEB1AE300712ED1 /* Adjust */,
				3A5C84751BEB1AE300712ED1 /* Camera */,
				3A5C84761BEB1AE300712ED1 /* Home */,
				3A5C84781BEB1AE300712ED1 /* Share */,
				3A5C84611BEB186000712ED1 /* AppDelegate.swift */,
				3A5C84651BEB186000712ED1 /* Main.storyboard */,
				3A5C84681BEB186000712ED1 /* Assets.xcassets */,
				3A5C846A1BEB186000712ED1 /* LaunchScreen.storyboard */,
				3A5C846D1BEB186000712ED1 /* Info.plist */,
			);
			path = Capture;
			sourceTree = "<group>";
		};
		3A5C84741BEB1AE300712ED1 /* Adjust */ = {
			isa = PBXGroup;
			children = (
			);
			path = Adjust;
			sourceTree = "<group>";
		};
		3A5C84751BEB1AE300712ED1 /* Camera */ = {
			isa = PBXGroup;
			children = (
			);
			path = Camera;
			sourceTree = "<group>";
		};
		3A5C84761BEB1AE300712ED1 /* Home */ = {
			isa = PBXGroup;
			children = (
				3A5C84771BEB1AE300712ED1 /* Controller */,
			);
			path = Home;
			sourceTree = "<group>";
		};
		3A5C84771BEB1AE300712ED1 /* Controller */ = {
			isa = PBXGroup;
			children = (
				3A5C84791BEB1B1600712ED1 /* HomeViewController.swift */,
			);
			path = Controller;
			sourceTree = "<group>";
		};
		3A5C84781BEB1AE300712ED1 /* Share */ = {
			isa = PBXGroup;
			children = (
			);
			path = Share;
			sourceTree = "<group>";
		};
/* End PBXGroup section */

/* Begin PBXNativeTarget section */
		3A5C845D1BEB186000712ED1 /* Capture */ = {
			isa = PBXNativeTarget;
			buildConfigurationList = 3A5C84701BEB186000712ED1 /* Build configuration list for PBXNativeTarget "Capture" */;
			buildPhases = (
				3A5C845A1BEB186000712ED1 /* Sources */,
				3A5C845B1BEB186000712ED1 /* Frameworks */,
				3A5C845C1BEB186000712ED1 /* Resources */,
			);
			buildRules = (
			);
			dependencies = (
			);
			name = Capture;
			productName = Capture;
			productReference = 3A5C845E1BEB186000712ED1 /* Capture.app */;
			productType = "com.apple.product-type.application";
		};
/* End PBXNativeTarget section */

/* Begin PBXProject section */
		3A5C84561BEB186000712ED1 /* Project object */ = {
			isa = PBXProject;
			attributes = {
				LastSwiftUpdateCheck = 0710;
				LastUpgradeCheck = 0710;
				ORGANIZATIONNAME = ShawnDu;
				TargetAttributes = {
					3A5C845D1BEB186000712ED1 = {
						CreatedOnToolsVersion = 7.1;
					};
				};
			};
			buildConfigurationList = 3A5C84591BEB186000712ED1 /* Build configuration list for PBXProject "Capture" */;
			compatibilityVersion = "Xcode 3.2";
			developmentRegion = English;
			hasScannedForEncodings = 0;
			knownRegions = (
				en,
				Base,
			);
			mainGroup = 3A5C84551BEB186000712ED1;
			productRefGroup = 3A5C845F1BEB186000712ED1 /* Products */;
			projectDirPath = "";
			projectRoot = "";
			targets = (
				3A5C845D1BEB186000712ED1 /* Capture */,
			);
		};
/* End PBXProject section */

/* Begin PBXResourcesBuildPhase section */
		3A5C845C1BEB186000712ED1 /* Resources */ = {
			isa = PBXResourcesBuildPhase;
			buildActionMask = 2147483647;
			files = (
				3A5C846C1BEB186000712ED1 /* LaunchScreen.storyboard in Resources */,
				3A5C84691BEB186000712ED1 /* Assets.xcassets in Resources */,
				3A5C84671BEB186000712ED1 /* Main.storyboard in Resources */,
			);
			runOnlyForDeploymentPostprocessing = 0;
		};
/* End PBXResourcesBuildPhase section */

/* Begin PBXSourcesBuildPhase section */
		3A5C845A1BEB186000712ED1 /* Sources */ = {
			isa = PBXSourcesBuildPhase;
			buildActionMask = 2147483647;
			files = (
				3A5C84621BEB186000712ED1 /* AppDelegate.swift in Sources */,
				3A5C847A1BEB1B1600712ED1 /* HomeViewController.swift in Sources */,
			);
			runOnlyForDeploymentPostprocessing = 0;
		};
/* End PBXSourcesBuildPhase section */

/* Begin PBXVariantGroup section */
		3A5C84651BEB186000712ED1 /* Main.storyboard */ = {
			isa = PBXVariantGroup;
			children = (
				3A5C84661BEB186000712ED1 /* Base */,
			);
			name = Main.storyboard;
			sourceTree = "<group>";
		};
		3A5C846A1BEB186000712ED1 /* LaunchScreen.storyboard */ = {
			isa = PBXVariantGroup;
			children = (
				3A5C846B1BEB186000712ED1 /* Base */,
			);
			name = LaunchScreen.storyboard;
			sourceTree = "<group>";
		};
/* End PBXVariantGroup section */

/* Begin XCBuildConfiguration section */
		3A5C846E1BEB186000712ED1 /* Debug */ = {
			isa = XCBuildConfiguration;
			buildSettings = {
				ALWAYS_SEARCH_USER_PATHS = NO;
				CLANG_CXX_LANGUAGE_STANDARD = "gnu++0x";
				CLANG_CXX_LIBRARY = "libc++";
				CLANG_ENABLE_MODULES = YES;
				CLANG_ENABLE_OBJC_ARC = YES;
				CLANG_WARN_BOOL_CONVERSION = YES;
				CLANG_WARN_CONSTANT_CONVERSION = YES;
				CLANG_WARN_DIRECT_OBJC_ISA_USAGE = YES_ERROR;
				CLANG_WARN_EMPTY_BODY = YES;
				CLANG_WARN_ENUM_CONVERSION = YES;
				CLANG_WARN_INT_CONVERSION = YES;
				CLANG_WARN_OBJC_ROOT_CLASS = YES_ERROR;
				CLANG_WARN_UNREACHABLE_CODE = YES;
				CLANG_WARN__DUPLICATE_METHOD_MATCH = YES;
				"CODE_SIGN_IDENTITY[sdk=iphoneos*]" = "iPhone Developer";
				COPY_PHASE_STRIP = NO;
				DEBUG_INFORMATION_FORMAT = dwarf;
				ENABLE_STRICT_OBJC_MSGSEND = YES;
				ENABLE_TESTABILITY = YES;
				GCC_C_LANGUAGE_STANDARD = gnu99;
				GCC_DYNAMIC_NO_PIC = NO;
				GCC_NO_COMMON_BLOCKS = YES;
				GCC_OPTIMIZATION_LEVEL = 0;
				GCC_PREPROCESSOR_DEFINITIONS = (
					"DEBUG=1",
					"$(inherited)",
				);
				GCC_WARN_64_TO_32_BIT_CONVERSION = YES;
				GCC_WARN_ABOUT_RETURN_TYPE = YES_ERROR;
				GCC_WARN_UNDECLARED_SELECTOR = YES;
				GCC_WARN_UNINITIALIZED_AUTOS = YES_AGGRESSIVE;
				GCC_WARN_UNUSED_FUNCTION = YES;
				GCC_WARN_UNUSED_VARIABLE = YES;
				IPHONEOS_DEPLOYMENT_TARGET = 9.1;
				MTL_ENABLE_DEBUG_INFO = YES;
				ONLY_ACTIVE_ARCH = YES;
				SDKROOT = iphoneos;
				SWIFT_OPTIMIZATION_LEVEL = "-Onone";
			};
			name = Debug;
		};
		3A5C846F1BEB186000712ED1 /* Release */ = {
			isa = XCBuildConfiguration;
			buildSettings = {
				ALWAYS_SEARCH_USER_PATHS = NO;
				CLANG_CXX_LANGUAGE_STANDARD = "gnu++0x";
				CLANG_CXX_LIBRARY = "libc++";
				CLANG_ENABLE_MODULES = YES;
				CLANG_ENABLE_OBJC_ARC = YES;
				CLANG_WARN_BOOL_CONVERSION = YES;
				CLANG_WARN_CONSTANT_CONVERSION = YES;
				CLANG_WARN_DIRECT_OBJC_ISA_USAGE = YES_ERROR;
				CLANG_WARN_EMPTY_BODY = YES;
				CLANG_WARN_ENUM_CONVERSION = YES;
				CLANG_WARN_INT_CONVERSION = YES;
				CLANG_WARN_OBJC_ROOT_CLASS = YES_ERROR;
				CLANG_WARN_UNREACHABLE_CODE = YES;
				CLANG_WARN__DUPLICATE_METHOD_MATCH = YES;
				"CODE_SIGN_IDENTITY[sdk=iphoneos*]" = "iPhone Developer";
				COPY_PHASE_STRIP = NO;
				DEBUG_INFORMATION_FORMAT = "dwarf-with-dsym";
				ENABLE_NS_ASSERTIONS = NO;
				ENABLE_STRICT_OBJC_MSGSEND = YES;
				GCC_C_LANGUAGE_STANDARD = gnu99;
				GCC_NO_COMMON_BLOCKS = YES;
				GCC_WARN_64_TO_32_BIT_CONVERSION = YES;
				GCC_WARN_ABOUT_RETURN_TYPE = YES_ERROR;
				GCC_WARN_UNDECLARED_SELECTOR = YES;
				GCC_WARN_UNINITIALIZED_AUTOS = YES_AGGRESSIVE;
				GCC_WARN_UNUSED_FUNCTION = YES;
				GCC_WARN_UNUSED_VARIABLE = YES;
				IPHONEOS_DEPLOYMENT_TARGET = 9.1;
				MTL_ENABLE_DEBUG_INFO = NO;
				SDKROOT = iphoneos;
				VALIDATE_PRODUCT = YES;
			};
			name = Release;
		};
		3A5C84711BEB186000712ED1 /* Debug */ = {
			isa = XCBuildConfiguration;
			buildSettings = {
				ASSETCATALOG_COMPILER_APPICON_NAME = AppIcon;
				INFOPLIST_FILE = Capture/Info.plist;
				IPHONEOS_DEPLOYMENT_TARGET = 8.0;
				LD_RUNPATH_SEARCH_PATHS = "$(inherited) @executable_path/Frameworks";
				PRODUCT_BUNDLE_IDENTIFIER = com.shawn.Capture;
				PRODUCT_NAME = "$(TARGET_NAME)";
			};
			name = Debug;
		};
		3A5C84721BEB186000712ED1 /* Release */ = {
			isa = XCBuildConfiguration;
			buildSettings = {
				ASSETCATALOG_COMPILER_APPICON_NAME = AppIcon;
				INFOPLIST_FILE = Capture/Info.plist;
				IPHONEOS_DEPLOYMENT_TARGET = 8.0;
				LD_RUNPATH_SEARCH_PATHS = "$(inherited) @executable_path/Frameworks";
				PRODUCT_BUNDLE_IDENTIFIER = com.shawn.Capture;
				PRODUCT_NAME = "$(TARGET_NAME)";
			};
			name = Release;
		};
/* End XCBuildConfiguration section */

/* Begin XCConfigurationList section */
		3A5C84591BEB186000712ED1 /* Build configuration list for PBXProject "Capture" */ = {
			isa = XCConfigurationList;
			buildConfigurations = (
				3A5C846E1BEB186000712ED1 /* Debug */,
				3A5C846F1BEB186000712ED1 /* Release */,
			);
			defaultConfigurationIsVisible = 0;
			defaultConfigurationName = Release;
		};
		3A5C84701BEB186000712ED1 /* Build configuration list for PBXNativeTarget "Capture" */ = {
			isa = XCConfigurationList;
			buildConfigurations = (
				3A5C84711BEB186000712ED1 /* Debug */,
				3A5C84721BEB186000712ED1 /* Release */,
			);
			defaultConfigurationIsVisible = 0;
		};
/* End XCConfigurationList section */
	};
	rootObject = 3A5C84561BEB186000712ED1 /* Project object */;
}
