// !$*UTF8*$!
{
	archiveVersion = 1;
	classes = {
	};
	objectVersion = 46;
	objects = {

/* Begin PBXBuildFile section */
		3A5C84621BEB186000712ED1 /* AppDelegate.swift in Sources */ = {isa = PBXBuildFile; fileRef = 3A5C84611BEB186000712ED1 /* AppDelegate.swift */; };
		3A5C847A1BEB1B1600712ED1 /* HomeViewController.swift in Sources */ = {isa = PBXBuildFile; fileRef = 3A5C84791BEB1B1600712ED1 /* HomeViewController.swift */; };
		3A5C847C1BEC462E00712ED1 /* GlobalDef.swift in Sources */ = {isa = PBXBuildFile; fileRef = 3A5C847B1BEC462E00712ED1 /* GlobalDef.swift */; };
		3A5C847E1BEC4D9000712ED1 /* AdSupport.framework in Frameworks */ = {isa = PBXBuildFile; fileRef = 3A5C847D1BEC4D8F00712ED1 /* AdSupport.framework */; };
		3A5C84801BEC4D9600712ED1 /* CoreLocation.framework in Frameworks */ = {isa = PBXBuildFile; fileRef = 3A5C847F1BEC4D9600712ED1 /* CoreLocation.framework */; };
		3A5C84821BEC4D9D00712ED1 /* QuartzCore.framework in Frameworks */ = {isa = PBXBuildFile; fileRef = 3A5C84811BEC4D9D00712ED1 /* QuartzCore.framework */; };
		3A5C84841BEC4DA500712ED1 /* SystemConfiguration.framework in Frameworks */ = {isa = PBXBuildFile; fileRef = 3A5C84831BEC4DA500712ED1 /* SystemConfiguration.framework */; };
		3A5C84861BEC4DAF00712ED1 /* CoreTelephony.framework in Frameworks */ = {isa = PBXBuildFile; fileRef = 3A5C84851BEC4DAF00712ED1 /* CoreTelephony.framework */; };
		3A5C84881BEC4DB800712ED1 /* libz.tbd in Frameworks */ = {isa = PBXBuildFile; fileRef = 3A5C84871BEC4DB800712ED1 /* libz.tbd */; };
		3A5C848A1BEC4DC200712ED1 /* Security.framework in Frameworks */ = {isa = PBXBuildFile; fileRef = 3A5C84891BEC4DC200712ED1 /* Security.framework */; };
		3A5C848C1BEC4DC800712ED1 /* StoreKit.framework in Frameworks */ = {isa = PBXBuildFile; fileRef = 3A5C848B1BEC4DC800712ED1 /* StoreKit.framework */; };
		3A5C849C1BEC523600712ED1 /* baidumobadsdk.bundle in Resources */ = {isa = PBXBuildFile; fileRef = 3A5C84951BEC523600712ED1 /* baidumobadsdk.bundle */; };
		3A5C849D1BEC523600712ED1 /* libBaiduMobAdSdk64bit.a in Frameworks */ = {isa = PBXBuildFile; fileRef = 3A5C849B1BEC523600712ED1 /* libBaiduMobAdSdk64bit.a */; };
		3A5C849F1BEC53AE00712ED1 /* EventKit.framework in Frameworks */ = {isa = PBXBuildFile; fileRef = 3A5C849E1BEC53AE00712ED1 /* EventKit.framework */; };
		3A5C84A11BEC53B400712ED1 /* EventKitUI.framework in Frameworks */ = {isa = PBXBuildFile; fileRef = 3A5C84A01BEC53B400712ED1 /* EventKitUI.framework */; };
		3A5C84A31BEC53BC00712ED1 /* CFNetwork.framework in Frameworks */ = {isa = PBXBuildFile; fileRef = 3A5C84A21BEC53BC00712ED1 /* CFNetwork.framework */; };
		3A5C84A51BEC53C400712ED1 /* ImageIO.framework in Frameworks */ = {isa = PBXBuildFile; fileRef = 3A5C84A41BEC53C400712ED1 /* ImageIO.framework */; };
		3A5C84A71BEC542200712ED1 /* MediaPlayer.framework in Frameworks */ = {isa = PBXBuildFile; fileRef = 3A5C84A61BEC542200712ED1 /* MediaPlayer.framework */; };
		3A5C84A91BEC544300712ED1 /* AudioToolbox.framework in Frameworks */ = {isa = PBXBuildFile; fileRef = 3A5C84A81BEC544300712ED1 /* AudioToolbox.framework */; };
		3A5C84AB1BEC544C00712ED1 /* AVFoundation.framework in Frameworks */ = {isa = PBXBuildFile; fileRef = 3A5C84AA1BEC544C00712ED1 /* AVFoundation.framework */; };
		3A5C84AD1BEC546800712ED1 /* MessageUI.framework in Frameworks */ = {isa = PBXBuildFile; fileRef = 3A5C84AC1BEC546800712ED1 /* MessageUI.framework */; };
		3A5C84AF1BEC547D00712ED1 /* CoreMotion.framework in Frameworks */ = {isa = PBXBuildFile; fileRef = 3A5C84AE1BEC547D00712ED1 /* CoreMotion.framework */; };
		3A5C84B31BECCB4100712ED1 /* HomeView.swift in Sources */ = {isa = PBXBuildFile; fileRef = 3A5C84B21BECCB4100712ED1 /* HomeView.swift */; };
		3A718E881BF03FFF00440989 /* Extension.swift in Sources */ = {isa = PBXBuildFile; fileRef = 3A718E871BF03FFF00440989 /* Extension.swift */; };
		3A784D401BF5BB0F00F679D2 /* GPUImageCustomLookupFilter.swift in Sources */ = {isa = PBXBuildFile; fileRef = 3A784D3F1BF5BB0E00F679D2 /* GPUImageCustomLookupFilter.swift */; };
		3A784D421BF5BDCF00F679D2 /* FilterOperation.swift in Sources */ = {isa = PBXBuildFile; fileRef = 3A784D411BF5BDCF00F679D2 /* FilterOperation.swift */; };
		3A784D431BF5CAF900F679D2 /* GPUImage.framework in Frameworks */ = {isa = PBXBuildFile; fileRef = 3ADA316D1BF4D5910090DA94 /* GPUImage.framework */; };
		3A784D441BF5CE4700F679D2 /* GPUImage.framework in Frameworks */ = {isa = PBXBuildFile; fileRef = 3ADA316D1BF4D5910090DA94 /* GPUImage.framework */; };
		3A784D451BF5CE4700F679D2 /* GPUImage.framework in Embed Frameworks */ = {isa = PBXBuildFile; fileRef = 3ADA316D1BF4D5910090DA94 /* GPUImage.framework */; settings = {ATTRIBUTES = (CodeSignOnCopy, RemoveHeadersOnCopy, ); }; };
		3A7A3E8D1BF6D42200DC5BC9 /* lookupAbaose.png in Resources */ = {isa = PBXBuildFile; fileRef = 3A7A3E8C1BF6D42200DC5BC9 /* lookupAbaose.png */; };
		3A7A3E971BF6F17F00DC5BC9 /* lookupFennen.png in Resources */ = {isa = PBXBuildFile; fileRef = 3A7A3E931BF6F17F00DC5BC9 /* lookupFennen.png */; };
		3A7A3E981BF6F17F00DC5BC9 /* lookupQingliang.png in Resources */ = {isa = PBXBuildFile; fileRef = 3A7A3E941BF6F17F00DC5BC9 /* lookupQingliang.png */; };
		3A7A3E991BF6F17F00DC5BC9 /* lookupTianmei.png in Resources */ = {isa = PBXBuildFile; fileRef = 3A7A3E951BF6F17F00DC5BC9 /* lookupTianmei.png */; };
		3A7A3EA11BF7015E00DC5BC9 /* lookupMeiyan.png in Resources */ = {isa = PBXBuildFile; fileRef = 3A7A3E9F1BF7015E00DC5BC9 /* lookupMeiyan.png */; };
		3A7A3EA21BF7015E00DC5BC9 /* lookupZiran.png in Resources */ = {isa = PBXBuildFile; fileRef = 3A7A3EA01BF7015E00DC5BC9 /* lookupZiran.png */; };
		3ADA156D1BF63638002D8EFF /* lookupDianya.png in Resources */ = {isa = PBXBuildFile; fileRef = 3ADA15601BF63638002D8EFF /* lookupDianya.png */; };
		3ADA156F1BF63638002D8EFF /* lookupFugu.png in Resources */ = {isa = PBXBuildFile; fileRef = 3ADA15621BF63638002D8EFF /* lookupFugu.png */; };
		3ADA15701BF63638002D8EFF /* lookupHeibai.png in Resources */ = {isa = PBXBuildFile; fileRef = 3ADA15631BF63638002D8EFF /* lookupHeibai.png */; };
		3ADA15711BF63638002D8EFF /* lookupHuaijiu.png in Resources */ = {isa = PBXBuildFile; fileRef = 3ADA15641BF63638002D8EFF /* lookupHuaijiu.png */; };
		3ADA15721BF63638002D8EFF /* lookupKeke.png in Resources */ = {isa = PBXBuildFile; fileRef = 3ADA15651BF63638002D8EFF /* lookupKeke.png */; };
		3ADA15751BF63638002D8EFF /* lookupRouguang.png in Resources */ = {isa = PBXBuildFile; fileRef = 3ADA15681BF63638002D8EFF /* lookupRouguang.png */; };
		3ADA15771BF63638002D8EFF /* lookupWeimei.png in Resources */ = {isa = PBXBuildFile; fileRef = 3ADA156A1BF63638002D8EFF /* lookupWeimei.png */; };
		3ADA31721BF4D73E0090DA94 /* APCameraManager.swift in Sources */ = {isa = PBXBuildFile; fileRef = 3ADA31711BF4D73E0090DA94 /* APCameraManager.swift */; };
		3ADBF69B1BEF4E04004E58F6 /* FilterModel.swift in Sources */ = {isa = PBXBuildFile; fileRef = 3ADBF69A1BEF4E04004E58F6 /* FilterModel.swift */; };
		3ADBF69D1BEF867D004E58F6 /* APCameraMainViewController.swift in Sources */ = {isa = PBXBuildFile; fileRef = 3ADBF69C1BEF867D004E58F6 /* APCameraMainViewController.swift */; };
		3ADBF69F1BEF869D004E58F6 /* APCameraMainView.swift in Sources */ = {isa = PBXBuildFile; fileRef = 3ADBF69E1BEF869D004E58F6 /* APCameraMainView.swift */; };
		3ADBF6A31BEF886A004E58F6 /* APCameraFilterCollectionView.swift in Sources */ = {isa = PBXBuildFile; fileRef = 3ADBF6A21BEF886A004E58F6 /* APCameraFilterCollectionView.swift */; };
		3ADC4D2E1BF89E54008B0440 /* APPhotoBrowseViewController.swift in Sources */ = {isa = PBXBuildFile; fileRef = 3ADC4D2D1BF89E54008B0440 /* APPhotoBrowseViewController.swift */; };
		3AE29F911BEB9A530089DE57 /* OpenShare+Alipay.m in Sources */ = {isa = PBXBuildFile; fileRef = 3AE29F7F1BEB9A530089DE57 /* OpenShare+Alipay.m */; };
		3AE29F921BEB9A530089DE57 /* OpenShare+QQ.m in Sources */ = {isa = PBXBuildFile; fileRef = 3AE29F811BEB9A530089DE57 /* OpenShare+QQ.m */; };
		3AE29F931BEB9A530089DE57 /* OpenShare+Renren.m in Sources */ = {isa = PBXBuildFile; fileRef = 3AE29F831BEB9A530089DE57 /* OpenShare+Renren.m */; };
		3AE29F941BEB9A530089DE57 /* OpenShare+Weibo.m in Sources */ = {isa = PBXBuildFile; fileRef = 3AE29F851BEB9A530089DE57 /* OpenShare+Weibo.m */; };
		3AE29F951BEB9A530089DE57 /* OpenShare+Weixin.m in Sources */ = {isa = PBXBuildFile; fileRef = 3AE29F871BEB9A530089DE57 /* OpenShare+Weixin.m */; };
		3AE29F961BEB9A530089DE57 /* OpenShare.m in Sources */ = {isa = PBXBuildFile; fileRef = 3AE29F891BEB9A530089DE57 /* OpenShare.m */; };
		3AE29FA11BEB9B530089DE57 /* Info.plist in Resources */ = {isa = PBXBuildFile; fileRef = 3AE29FA01BEB9B530089DE57 /* Info.plist */; };
		3AE29FA31BEB9B570089DE57 /* Assets.xcassets in Resources */ = {isa = PBXBuildFile; fileRef = 3AE29FA21BEB9B570089DE57 /* Assets.xcassets */; };
		3AE29FA81BEB9B910089DE57 /* LaunchScreen.storyboard in Resources */ = {isa = PBXBuildFile; fileRef = 3AE29FA41BEB9B910089DE57 /* LaunchScreen.storyboard */; };
		3AE29FA91BEB9B910089DE57 /* Main.storyboard in Resources */ = {isa = PBXBuildFile; fileRef = 3AE29FA61BEB9B910089DE57 /* Main.storyboard */; };
/* End PBXBuildFile section */

/* Begin PBXContainerItemProxy section */
		3A784D461BF5CE4700F679D2 /* PBXContainerItemProxy */ = {
			isa = PBXContainerItemProxy;
			containerPortal = 3ADA31641BF4D5910090DA94 /* GPUImage.xcodeproj */;
			proxyType = 1;
			remoteGlobalIDString = BCE209E41943F20C002FEED8;
			remoteInfo = GPUImageFramework;
		};
		3ADA316A1BF4D5910090DA94 /* PBXContainerItemProxy */ = {
			isa = PBXContainerItemProxy;
			containerPortal = 3ADA31641BF4D5910090DA94 /* GPUImage.xcodeproj */;
			proxyType = 2;
			remoteGlobalIDString = BCF1A33414DDB1EC00852800;
			remoteInfo = GPUImage;
		};
		3ADA316C1BF4D5910090DA94 /* PBXContainerItemProxy */ = {
			isa = PBXContainerItemProxy;
			containerPortal = 3ADA31641BF4D5910090DA94 /* GPUImage.xcodeproj */;
			proxyType = 2;
			remoteGlobalIDString = BCE209E51943F20C002FEED8;
			remoteInfo = GPUImageFramework;
		};
		3ADA316E1BF4D60F0090DA94 /* PBXContainerItemProxy */ = {
			isa = PBXContainerItemProxy;
			containerPortal = 3ADA31641BF4D5910090DA94 /* GPUImage.xcodeproj */;
			proxyType = 1;
			remoteGlobalIDString = BCE209E41943F20C002FEED8;
			remoteInfo = GPUImageFramework;
		};
/* End PBXContainerItemProxy section */

/* Begin PBXCopyFilesBuildPhase section */
		3A784D481BF5CE4700F679D2 /* Embed Frameworks */ = {
			isa = PBXCopyFilesBuildPhase;
			buildActionMask = 2147483647;
			dstPath = "";
			dstSubfolderSpec = 10;
			files = (
				3A784D451BF5CE4700F679D2 /* GPUImage.framework in Embed Frameworks */,
			);
			name = "Embed Frameworks";
			runOnlyForDeploymentPostprocessing = 0;
		};
/* End PBXCopyFilesBuildPhase section */

/* Begin PBXFileReference section */
		3A5C845E1BEB186000712ED1 /* Capture.app */ = {isa = PBXFileReference; explicitFileType = wrapper.application; includeInIndex = 0; path = Capture.app; sourceTree = BUILT_PRODUCTS_DIR; };
		3A5C84611BEB186000712ED1 /* AppDelegate.swift */ = {isa = PBXFileReference; lastKnownFileType = sourcecode.swift; path = AppDelegate.swift; sourceTree = "<group>"; };
		3A5C84791BEB1B1600712ED1 /* HomeViewController.swift */ = {isa = PBXFileReference; fileEncoding = 4; lastKnownFileType = sourcecode.swift; path = HomeViewController.swift; sourceTree = "<group>"; };
		3A5C847B1BEC462E00712ED1 /* GlobalDef.swift */ = {isa = PBXFileReference; fileEncoding = 4; lastKnownFileType = sourcecode.swift; path = GlobalDef.swift; sourceTree = "<group>"; };
		3A5C847D1BEC4D8F00712ED1 /* AdSupport.framework */ = {isa = PBXFileReference; lastKnownFileType = wrapper.framework; name = AdSupport.framework; path = System/Library/Frameworks/AdSupport.framework; sourceTree = SDKROOT; };
		3A5C847F1BEC4D9600712ED1 /* CoreLocation.framework */ = {isa = PBXFileReference; lastKnownFileType = wrapper.framework; name = CoreLocation.framework; path = System/Library/Frameworks/CoreLocation.framework; sourceTree = SDKROOT; };
		3A5C84811BEC4D9D00712ED1 /* QuartzCore.framework */ = {isa = PBXFileReference; lastKnownFileType = wrapper.framework; name = QuartzCore.framework; path = System/Library/Frameworks/QuartzCore.framework; sourceTree = SDKROOT; };
		3A5C84831BEC4DA500712ED1 /* SystemConfiguration.framework */ = {isa = PBXFileReference; lastKnownFileType = wrapper.framework; name = SystemConfiguration.framework; path = System/Library/Frameworks/SystemConfiguration.framework; sourceTree = SDKROOT; };
		3A5C84851BEC4DAF00712ED1 /* CoreTelephony.framework */ = {isa = PBXFileReference; lastKnownFileType = wrapper.framework; name = CoreTelephony.framework; path = System/Library/Frameworks/CoreTelephony.framework; sourceTree = SDKROOT; };
		3A5C84871BEC4DB800712ED1 /* libz.tbd */ = {isa = PBXFileReference; lastKnownFileType = "sourcecode.text-based-dylib-definition"; name = libz.tbd; path = usr/lib/libz.tbd; sourceTree = SDKROOT; };
		3A5C84891BEC4DC200712ED1 /* Security.framework */ = {isa = PBXFileReference; lastKnownFileType = wrapper.framework; name = Security.framework; path = System/Library/Frameworks/Security.framework; sourceTree = SDKROOT; };
		3A5C848B1BEC4DC800712ED1 /* StoreKit.framework */ = {isa = PBXFileReference; lastKnownFileType = wrapper.framework; name = StoreKit.framework; path = System/Library/Frameworks/StoreKit.framework; sourceTree = SDKROOT; };
		3A5C848F1BEC523600712ED1 /* BaiduMobAdCommonConfig.h */ = {isa = PBXFileReference; fileEncoding = 4; lastKnownFileType = sourcecode.c.h; path = BaiduMobAdCommonConfig.h; sourceTree = "<group>"; };
		3A5C84901BEC523600712ED1 /* BaiduMobAdDelegateProtocol.h */ = {isa = PBXFileReference; fileEncoding = 4; lastKnownFileType = sourcecode.c.h; path = BaiduMobAdDelegateProtocol.h; sourceTree = "<group>"; };
		3A5C84911BEC523600712ED1 /* BaiduMobAdInterstitial.h */ = {isa = PBXFileReference; fileEncoding = 4; lastKnownFileType = sourcecode.c.h; path = BaiduMobAdInterstitial.h; sourceTree = "<group>"; };
		3A5C84921BEC523600712ED1 /* BaiduMobAdInterstitialDelegate.h */ = {isa = PBXFileReference; fileEncoding = 4; lastKnownFileType = sourcecode.c.h; path = BaiduMobAdInterstitialDelegate.h; sourceTree = "<group>"; };
		3A5C84931BEC523600712ED1 /* BaiduMobAdRecommendDelegateProtocol.h */ = {isa = PBXFileReference; fileEncoding = 4; lastKnownFileType = sourcecode.c.h; path = BaiduMobAdRecommendDelegateProtocol.h; sourceTree = "<group>"; };
		3A5C84941BEC523600712ED1 /* BaiduMobAdRecommendIcon.h */ = {isa = PBXFileReference; fileEncoding = 4; lastKnownFileType = sourcecode.c.h; path = BaiduMobAdRecommendIcon.h; sourceTree = "<group>"; };
		3A5C84951BEC523600712ED1 /* baidumobadsdk.bundle */ = {isa = PBXFileReference; lastKnownFileType = "wrapper.plug-in"; path = baidumobadsdk.bundle; sourceTree = "<group>"; };
		3A5C84961BEC523600712ED1 /* BaiduMobAdSplash.h */ = {isa = PBXFileReference; fileEncoding = 4; lastKnownFileType = sourcecode.c.h; path = BaiduMobAdSplash.h; sourceTree = "<group>"; };
		3A5C84971BEC523600712ED1 /* BaiduMobAdSplashDelegate.h */ = {isa = PBXFileReference; fileEncoding = 4; lastKnownFileType = sourcecode.c.h; path = BaiduMobAdSplashDelegate.h; sourceTree = "<group>"; };
		3A5C84981BEC523600712ED1 /* BaiduMobAdVideoDelegate.h */ = {isa = PBXFileReference; fileEncoding = 4; lastKnownFileType = sourcecode.c.h; path = BaiduMobAdVideoDelegate.h; sourceTree = "<group>"; };
		3A5C84991BEC523600712ED1 /* BaiduMobAdVideoView.h */ = {isa = PBXFileReference; fileEncoding = 4; lastKnownFileType = sourcecode.c.h; path = BaiduMobAdVideoView.h; sourceTree = "<group>"; };
		3A5C849A1BEC523600712ED1 /* BaiduMobAdView.h */ = {isa = PBXFileReference; fileEncoding = 4; lastKnownFileType = sourcecode.c.h; path = BaiduMobAdView.h; sourceTree = "<group>"; };
		3A5C849B1BEC523600712ED1 /* libBaiduMobAdSdk64bit.a */ = {isa = PBXFileReference; lastKnownFileType = archive.ar; path = libBaiduMobAdSdk64bit.a; sourceTree = "<group>"; };
		3A5C849E1BEC53AE00712ED1 /* EventKit.framework */ = {isa = PBXFileReference; lastKnownFileType = wrapper.framework; name = EventKit.framework; path = System/Library/Frameworks/EventKit.framework; sourceTree = SDKROOT; };
		3A5C84A01BEC53B400712ED1 /* EventKitUI.framework */ = {isa = PBXFileReference; lastKnownFileType = wrapper.framework; name = EventKitUI.framework; path = System/Library/Frameworks/EventKitUI.framework; sourceTree = SDKROOT; };
		3A5C84A21BEC53BC00712ED1 /* CFNetwork.framework */ = {isa = PBXFileReference; lastKnownFileType = wrapper.framework; name = CFNetwork.framework; path = System/Library/Frameworks/CFNetwork.framework; sourceTree = SDKROOT; };
		3A5C84A41BEC53C400712ED1 /* ImageIO.framework */ = {isa = PBXFileReference; lastKnownFileType = wrapper.framework; name = ImageIO.framework; path = System/Library/Frameworks/ImageIO.framework; sourceTree = SDKROOT; };
		3A5C84A61BEC542200712ED1 /* MediaPlayer.framework */ = {isa = PBXFileReference; lastKnownFileType = wrapper.framework; name = MediaPlayer.framework; path = System/Library/Frameworks/MediaPlayer.framework; sourceTree = SDKROOT; };
		3A5C84A81BEC544300712ED1 /* AudioToolbox.framework */ = {isa = PBXFileReference; lastKnownFileType = wrapper.framework; name = AudioToolbox.framework; path = System/Library/Frameworks/AudioToolbox.framework; sourceTree = SDKROOT; };
		3A5C84AA1BEC544C00712ED1 /* AVFoundation.framework */ = {isa = PBXFileReference; lastKnownFileType = wrapper.framework; name = AVFoundation.framework; path = System/Library/Frameworks/AVFoundation.framework; sourceTree = SDKROOT; };
		3A5C84AC1BEC546800712ED1 /* MessageUI.framework */ = {isa = PBXFileReference; lastKnownFileType = wrapper.framework; name = MessageUI.framework; path = System/Library/Frameworks/MessageUI.framework; sourceTree = SDKROOT; };
		3A5C84AE1BEC547D00712ED1 /* CoreMotion.framework */ = {isa = PBXFileReference; lastKnownFileType = wrapper.framework; name = CoreMotion.framework; path = System/Library/Frameworks/CoreMotion.framework; sourceTree = SDKROOT; };
		3A5C84B21BECCB4100712ED1 /* HomeView.swift */ = {isa = PBXFileReference; fileEncoding = 4; lastKnownFileType = sourcecode.swift; path = HomeView.swift; sourceTree = "<group>"; };
		3A718E871BF03FFF00440989 /* Extension.swift */ = {isa = PBXFileReference; fileEncoding = 4; lastKnownFileType = sourcecode.swift; path = Extension.swift; sourceTree = "<group>"; };
		3A784D3F1BF5BB0E00F679D2 /* GPUImageCustomLookupFilter.swift */ = {isa = PBXFileReference; fileEncoding = 4; lastKnownFileType = sourcecode.swift; path = GPUImageCustomLookupFilter.swift; sourceTree = "<group>"; };
		3A784D411BF5BDCF00F679D2 /* FilterOperation.swift */ = {isa = PBXFileReference; fileEncoding = 4; lastKnownFileType = sourcecode.swift; path = FilterOperation.swift; sourceTree = "<group>"; };
		3A7A3E8C1BF6D42200DC5BC9 /* lookupAbaose.png */ = {isa = PBXFileReference; lastKnownFileType = image.png; path = lookupAbaose.png; sourceTree = "<group>"; };
		3A7A3E931BF6F17F00DC5BC9 /* lookupFennen.png */ = {isa = PBXFileReference; lastKnownFileType = image.png; path = lookupFennen.png; sourceTree = "<group>"; };
		3A7A3E941BF6F17F00DC5BC9 /* lookupQingliang.png */ = {isa = PBXFileReference; lastKnownFileType = image.png; path = lookupQingliang.png; sourceTree = "<group>"; };
		3A7A3E951BF6F17F00DC5BC9 /* lookupTianmei.png */ = {isa = PBXFileReference; lastKnownFileType = image.png; path = lookupTianmei.png; sourceTree = "<group>"; };
		3A7A3E9F1BF7015E00DC5BC9 /* lookupMeiyan.png */ = {isa = PBXFileReference; lastKnownFileType = image.png; path = lookupMeiyan.png; sourceTree = "<group>"; };
		3A7A3EA01BF7015E00DC5BC9 /* lookupZiran.png */ = {isa = PBXFileReference; lastKnownFileType = image.png; path = lookupZiran.png; sourceTree = "<group>"; };
		3ADA15601BF63638002D8EFF /* lookupDianya.png */ = {isa = PBXFileReference; lastKnownFileType = image.png; path = lookupDianya.png; sourceTree = "<group>"; };
		3ADA15621BF63638002D8EFF /* lookupFugu.png */ = {isa = PBXFileReference; lastKnownFileType = image.png; path = lookupFugu.png; sourceTree = "<group>"; };
		3ADA15631BF63638002D8EFF /* lookupHeibai.png */ = {isa = PBXFileReference; lastKnownFileType = image.png; path = lookupHeibai.png; sourceTree = "<group>"; };
		3ADA15641BF63638002D8EFF /* lookupHuaijiu.png */ = {isa = PBXFileReference; lastKnownFileType = image.png; path = lookupHuaijiu.png; sourceTree = "<group>"; };
		3ADA15651BF63638002D8EFF /* lookupKeke.png */ = {isa = PBXFileReference; lastKnownFileType = image.png; path = lookupKeke.png; sourceTree = "<group>"; };
		3ADA15681BF63638002D8EFF /* lookupRouguang.png */ = {isa = PBXFileReference; lastKnownFileType = image.png; path = lookupRouguang.png; sourceTree = "<group>"; };
		3ADA156A1BF63638002D8EFF /* lookupWeimei.png */ = {isa = PBXFileReference; lastKnownFileType = image.png; path = lookupWeimei.png; sourceTree = "<group>"; };
		3ADA31641BF4D5910090DA94 /* GPUImage.xcodeproj */ = {isa = PBXFileReference; lastKnownFileType = "wrapper.pb-project"; name = GPUImage.xcodeproj; path = GPUImage/GPUImage/framework/GPUImage.xcodeproj; sourceTree = SOURCE_ROOT; };
		3ADA31711BF4D73E0090DA94 /* APCameraManager.swift */ = {isa = PBXFileReference; fileEncoding = 4; lastKnownFileType = sourcecode.swift; path = APCameraManager.swift; sourceTree = "<group>"; };
		3ADBF69A1BEF4E04004E58F6 /* FilterModel.swift */ = {isa = PBXFileReference; fileEncoding = 4; lastKnownFileType = sourcecode.swift; path = FilterModel.swift; sourceTree = "<group>"; };
		3ADBF69C1BEF867D004E58F6 /* APCameraMainViewController.swift */ = {isa = PBXFileReference; fileEncoding = 4; lastKnownFileType = sourcecode.swift; path = APCameraMainViewController.swift; sourceTree = "<group>"; };
		3ADBF69E1BEF869D004E58F6 /* APCameraMainView.swift */ = {isa = PBXFileReference; fileEncoding = 4; lastKnownFileType = sourcecode.swift; path = APCameraMainView.swift; sourceTree = "<group>"; };
		3ADBF6A21BEF886A004E58F6 /* APCameraFilterCollectionView.swift */ = {isa = PBXFileReference; fileEncoding = 4; lastKnownFileType = sourcecode.swift; path = APCameraFilterCollectionView.swift; sourceTree = "<group>"; };
		3ADC4D2D1BF89E54008B0440 /* APPhotoBrowseViewController.swift */ = {isa = PBXFileReference; fileEncoding = 4; lastKnownFileType = sourcecode.swift; path = APPhotoBrowseViewController.swift; sourceTree = "<group>"; };
		3AE29F7E1BEB9A530089DE57 /* OpenShare+Alipay.h */ = {isa = PBXFileReference; fileEncoding = 4; lastKnownFileType = sourcecode.c.h; path = "OpenShare+Alipay.h"; sourceTree = "<group>"; };
		3AE29F7F1BEB9A530089DE57 /* OpenShare+Alipay.m */ = {isa = PBXFileReference; fileEncoding = 4; lastKnownFileType = sourcecode.c.objc; path = "OpenShare+Alipay.m"; sourceTree = "<group>"; };
		3AE29F801BEB9A530089DE57 /* OpenShare+QQ.h */ = {isa = PBXFileReference; fileEncoding = 4; lastKnownFileType = sourcecode.c.h; path = "OpenShare+QQ.h"; sourceTree = "<group>"; };
		3AE29F811BEB9A530089DE57 /* OpenShare+QQ.m */ = {isa = PBXFileReference; fileEncoding = 4; lastKnownFileType = sourcecode.c.objc; path = "OpenShare+QQ.m"; sourceTree = "<group>"; };
		3AE29F821BEB9A530089DE57 /* OpenShare+Renren.h */ = {isa = PBXFileReference; fileEncoding = 4; lastKnownFileType = sourcecode.c.h; path = "OpenShare+Renren.h"; sourceTree = "<group>"; };
		3AE29F831BEB9A530089DE57 /* OpenShare+Renren.m */ = {isa = PBXFileReference; fileEncoding = 4; lastKnownFileType = sourcecode.c.objc; path = "OpenShare+Renren.m"; sourceTree = "<group>"; };
		3AE29F841BEB9A530089DE57 /* OpenShare+Weibo.h */ = {isa = PBXFileReference; fileEncoding = 4; lastKnownFileType = sourcecode.c.h; path = "OpenShare+Weibo.h"; sourceTree = "<group>"; };
		3AE29F851BEB9A530089DE57 /* OpenShare+Weibo.m */ = {isa = PBXFileReference; fileEncoding = 4; lastKnownFileType = sourcecode.c.objc; path = "OpenShare+Weibo.m"; sourceTree = "<group>"; };
		3AE29F861BEB9A530089DE57 /* OpenShare+Weixin.h */ = {isa = PBXFileReference; fileEncoding = 4; lastKnownFileType = sourcecode.c.h; path = "OpenShare+Weixin.h"; sourceTree = "<group>"; };
		3AE29F871BEB9A530089DE57 /* OpenShare+Weixin.m */ = {isa = PBXFileReference; fileEncoding = 4; lastKnownFileType = sourcecode.c.objc; path = "OpenShare+Weixin.m"; sourceTree = "<group>"; };
		3AE29F881BEB9A530089DE57 /* OpenShare.h */ = {isa = PBXFileReference; fileEncoding = 4; lastKnownFileType = sourcecode.c.h; path = OpenShare.h; sourceTree = "<group>"; };
		3AE29F891BEB9A530089DE57 /* OpenShare.m */ = {isa = PBXFileReference; fileEncoding = 4; lastKnownFileType = sourcecode.c.objc; path = OpenShare.m; sourceTree = "<group>"; };
		3AE29F8A1BEB9A530089DE57 /* OpenShareHeader.h */ = {isa = PBXFileReference; fileEncoding = 4; lastKnownFileType = sourcecode.c.h; path = OpenShareHeader.h; sourceTree = "<group>"; };
		3AE29FA01BEB9B530089DE57 /* Info.plist */ = {isa = PBXFileReference; fileEncoding = 4; lastKnownFileType = text.plist.xml; path = Info.plist; sourceTree = "<group>"; };
		3AE29FA21BEB9B570089DE57 /* Assets.xcassets */ = {isa = PBXFileReference; lastKnownFileType = folder.assetcatalog; path = Assets.xcassets; sourceTree = "<group>"; };
		3AE29FA51BEB9B910089DE57 /* Base */ = {isa = PBXFileReference; lastKnownFileType = file.storyboard; name = Base; path = Base.lproj/LaunchScreen.storyboard; sourceTree = "<group>"; };
		3AE29FA71BEB9B910089DE57 /* Base */ = {isa = PBXFileReference; lastKnownFileType = file.storyboard; name = Base; path = Base.lproj/Main.storyboard; sourceTree = "<group>"; };
		3AE29FAD1BEBA11C0089DE57 /* Capture-Bridging-Header.h */ = {isa = PBXFileReference; fileEncoding = 4; lastKnownFileType = sourcecode.c.h; path = "Capture-Bridging-Header.h"; sourceTree = "<group>"; };
/* End PBXFileReference section */

/* Begin PBXFrameworksBuildPhase section */
		3A5C845B1BEB186000712ED1 /* Frameworks */ = {
			isa = PBXFrameworksBuildPhase;
			buildActionMask = 2147483647;
			files = (
				3A784D431BF5CAF900F679D2 /* GPUImage.framework in Frameworks */,
				3A784D441BF5CE4700F679D2 /* GPUImage.framework in Frameworks */,
				3A5C84AF1BEC547D00712ED1 /* CoreMotion.framework in Frameworks */,
				3A5C84AD1BEC546800712ED1 /* MessageUI.framework in Frameworks */,
				3A5C84AB1BEC544C00712ED1 /* AVFoundation.framework in Frameworks */,
				3A5C84A91BEC544300712ED1 /* AudioToolbox.framework in Frameworks */,
				3A5C84A71BEC542200712ED1 /* MediaPlayer.framework in Frameworks */,
				3A5C84A51BEC53C400712ED1 /* ImageIO.framework in Frameworks */,
				3A5C84A31BEC53BC00712ED1 /* CFNetwork.framework in Frameworks */,
				3A5C84A11BEC53B400712ED1 /* EventKitUI.framework in Frameworks */,
				3A5C849F1BEC53AE00712ED1 /* EventKit.framework in Frameworks */,
				3A5C848C1BEC4DC800712ED1 /* StoreKit.framework in Frameworks */,
				3A5C848A1BEC4DC200712ED1 /* Security.framework in Frameworks */,
				3A5C84881BEC4DB800712ED1 /* libz.tbd in Frameworks */,
				3A5C84861BEC4DAF00712ED1 /* CoreTelephony.framework in Frameworks */,
				3A5C84841BEC4DA500712ED1 /* SystemConfiguration.framework in Frameworks */,
				3A5C84821BEC4D9D00712ED1 /* QuartzCore.framework in Frameworks */,
				3A5C84801BEC4D9600712ED1 /* CoreLocation.framework in Frameworks */,
				3A5C847E1BEC4D9000712ED1 /* AdSupport.framework in Frameworks */,
				3A5C849D1BEC523600712ED1 /* libBaiduMobAdSdk64bit.a in Frameworks */,
			);
			runOnlyForDeploymentPostprocessing = 0;
		};
/* End PBXFrameworksBuildPhase section */

/* Begin PBXGroup section */
		3A5C84551BEB186000712ED1 = {
			isa = PBXGroup;
			children = (
				3A5C84601BEB186000712ED1 /* Capture */,
				3A5C845F1BEB186000712ED1 /* Products */,
			);
			sourceTree = "<group>";
		};
		3A5C845F1BEB186000712ED1 /* Products */ = {
			isa = PBXGroup;
			children = (
				3A5C845E1BEB186000712ED1 /* Capture.app */,
			);
			name = Products;
			sourceTree = "<group>";
		};
		3A5C84601BEB186000712ED1 /* Capture */ = {
			isa = PBXGroup;
			children = (
				3AE29FAA1BEB9FC90089DE57 /* Global */,
				3AE29F7B1BEB9A270089DE57 /* Ajust */,
				3AE29F7C1BEB9A270089DE57 /* Camera */,
				3A5C84761BEB1AE300712ED1 /* Home */,
				3AE29F7A1BEB9A020089DE57 /* Lib */,
				3A5C84781BEB1AE300712ED1 /* Share */,
				3AE29F981BEB9AE10089DE57 /* Resource */,
				3ADA31631BF4D5870090DA94 /* Submodule */,
				3A5C84611BEB186000712ED1 /* AppDelegate.swift */,
			);
			path = Capture;
			sourceTree = "<group>";
		};
		3A5C84761BEB1AE300712ED1 /* Home */ = {
			isa = PBXGroup;
			children = (
				3A5C84B11BECCB1600712ED1 /* View */,
				3A5C84771BEB1AE300712ED1 /* Controller */,
			);
			path = Home;
			sourceTree = "<group>";
		};
		3A5C84771BEB1AE300712ED1 /* Controller */ = {
			isa = PBXGroup;
			children = (
				3A5C84791BEB1B1600712ED1 /* HomeViewController.swift */,
			);
			path = Controller;
			sourceTree = "<group>";
		};
		3A5C84781BEB1AE300712ED1 /* Share */ = {
			isa = PBXGroup;
			children = (
			);
			path = Share;
			sourceTree = "<group>";
		};
		3A5C848D1BEC523600712ED1 /* BaiduAds */ = {
			isa = PBXGroup;
			children = (
				3A5C848E1BEC523600712ED1 /* ios_api */,
			);
			path = BaiduAds;
			sourceTree = "<group>";
		};
		3A5C848E1BEC523600712ED1 /* ios_api */ = {
			isa = PBXGroup;
			children = (
				3A5C848F1BEC523600712ED1 /* BaiduMobAdCommonConfig.h */,
				3A5C84901BEC523600712ED1 /* BaiduMobAdDelegateProtocol.h */,
				3A5C84911BEC523600712ED1 /* BaiduMobAdInterstitial.h */,
				3A5C84921BEC523600712ED1 /* BaiduMobAdInterstitialDelegate.h */,
				3A5C84931BEC523600712ED1 /* BaiduMobAdRecommendDelegateProtocol.h */,
				3A5C84941BEC523600712ED1 /* BaiduMobAdRecommendIcon.h */,
				3A5C84951BEC523600712ED1 /* baidumobadsdk.bundle */,
				3A5C84961BEC523600712ED1 /* BaiduMobAdSplash.h */,
				3A5C84971BEC523600712ED1 /* BaiduMobAdSplashDelegate.h */,
				3A5C84981BEC523600712ED1 /* BaiduMobAdVideoDelegate.h */,
				3A5C84991BEC523600712ED1 /* BaiduMobAdVideoView.h */,
				3A5C849A1BEC523600712ED1 /* BaiduMobAdView.h */,
				3A5C849B1BEC523600712ED1 /* libBaiduMobAdSdk64bit.a */,
			);
			path = ios_api;
			sourceTree = "<group>";
		};
		3A5C84B11BECCB1600712ED1 /* View */ = {
			isa = PBXGroup;
			children = (
				3A5C84B21BECCB4100712ED1 /* HomeView.swift */,
			);
			path = View;
			sourceTree = "<group>";
		};
		3A718E861BF03FD600440989 /* Extension */ = {
			isa = PBXGroup;
			children = (
				3A718E871BF03FFF00440989 /* Extension.swift */,
			);
			path = Extension;
			sourceTree = "<group>";
		};
		3A784D3C1BF5BA2000F679D2 /* CustomFilters */ = {
			isa = PBXGroup;
			children = (
				3A784D3F1BF5BB0E00F679D2 /* GPUImageCustomLookupFilter.swift */,
			);
			path = CustomFilters;
			sourceTree = "<group>";
		};
		3ADA155D1BF63638002D8EFF /* Image */ = {
			isa = PBXGroup;
			children = (
				3ADA155E1BF63638002D8EFF /* Filter */,
			);
			path = Image;
			sourceTree = "<group>";
		};
		3ADA155E1BF63638002D8EFF /* Filter */ = {
			isa = PBXGroup;
			children = (
				3A7A3E9F1BF7015E00DC5BC9 /* lookupMeiyan.png */,
				3A7A3EA01BF7015E00DC5BC9 /* lookupZiran.png */,
				3A7A3E931BF6F17F00DC5BC9 /* lookupFennen.png */,
				3A7A3E941BF6F17F00DC5BC9 /* lookupQingliang.png */,
				3A7A3E951BF6F17F00DC5BC9 /* lookupTianmei.png */,
				3A7A3E8C1BF6D42200DC5BC9 /* lookupAbaose.png */,
				3ADA15601BF63638002D8EFF /* lookupDianya.png */,
				3ADA15621BF63638002D8EFF /* lookupFugu.png */,
				3ADA15631BF63638002D8EFF /* lookupHeibai.png */,
				3ADA15641BF63638002D8EFF /* lookupHuaijiu.png */,
				3ADA15651BF63638002D8EFF /* lookupKeke.png */,
				3ADA15681BF63638002D8EFF /* lookupRouguang.png */,
				3ADA156A1BF63638002D8EFF /* lookupWeimei.png */,
			);
			path = Filter;
			sourceTree = "<group>";
		};
		3ADA31631BF4D5870090DA94 /* Submodule */ = {
			isa = PBXGroup;
			children = (
				3ADA31641BF4D5910090DA94 /* GPUImage.xcodeproj */,
			);
			name = Submodule;
			sourceTree = "<group>";
		};
		3ADA31651BF4D5910090DA94 /* Products */ = {
			isa = PBXGroup;
			children = (
				3ADA316B1BF4D5910090DA94 /* libGPUImage.a */,
				3ADA316D1BF4D5910090DA94 /* GPUImage.framework */,
			);
			name = Products;
			sourceTree = "<group>";
		};
		3ADA31701BF4D7000090DA94 /* Model */ = {
			isa = PBXGroup;
			children = (
				3ADA31711BF4D73E0090DA94 /* APCameraManager.swift */,
				3A784D411BF5BDCF00F679D2 /* FilterOperation.swift */,
			);
			path = Model;
			sourceTree = "<group>";
		};
		3ADBF6951BEF4DB2004E58F6 /* Controller */ = {
			isa = PBXGroup;
			children = (
				3ADBF69C1BEF867D004E58F6 /* APCameraMainViewController.swift */,
				3ADC4D2D1BF89E54008B0440 /* APPhotoBrowseViewController.swift */,
			);
			path = Controller;
			sourceTree = "<group>";
		};
		3ADBF6961BEF4DB2004E58F6 /* View */ = {
			isa = PBXGroup;
			children = (
				3ADBF69E1BEF869D004E58F6 /* APCameraMainView.swift */,
				3ADBF6A21BEF886A004E58F6 /* APCameraFilterCollectionView.swift */,
			);
			path = View;
			sourceTree = "<group>";
		};
		3ADBF6991BEF4E04004E58F6 /* Model */ = {
			isa = PBXGroup;
			children = (
				3ADBF69A1BEF4E04004E58F6 /* FilterModel.swift */,
			);
			path = Model;
			sourceTree = "<group>";
		};
		3AE29F7A1BEB9A020089DE57 /* Lib */ = {
			isa = PBXGroup;
			children = (
				3AE29F7D1BEB9A530089DE57 /* OpenShare */,
				3A5C848D1BEC523600712ED1 /* BaiduAds */,
				3A5C84AE1BEC547D00712ED1 /* CoreMotion.framework */,
				3A5C84AC1BEC546800712ED1 /* MessageUI.framework */,
				3A5C84AA1BEC544C00712ED1 /* AVFoundation.framework */,
				3A5C84A81BEC544300712ED1 /* AudioToolbox.framework */,
				3A5C84A61BEC542200712ED1 /* MediaPlayer.framework */,
				3A5C84A41BEC53C400712ED1 /* ImageIO.framework */,
				3A5C84A21BEC53BC00712ED1 /* CFNetwork.framework */,
				3A5C84A01BEC53B400712ED1 /* EventKitUI.framework */,
				3A5C849E1BEC53AE00712ED1 /* EventKit.framework */,
				3A5C848B1BEC4DC800712ED1 /* StoreKit.framework */,
				3A5C84891BEC4DC200712ED1 /* Security.framework */,
				3A5C84871BEC4DB800712ED1 /* libz.tbd */,
				3A5C84851BEC4DAF00712ED1 /* CoreTelephony.framework */,
				3A5C84831BEC4DA500712ED1 /* SystemConfiguration.framework */,
				3A5C84811BEC4D9D00712ED1 /* QuartzCore.framework */,
				3A5C847F1BEC4D9600712ED1 /* CoreLocation.framework */,
				3A5C847D1BEC4D8F00712ED1 /* AdSupport.framework */,
			);
			path = Lib;
			sourceTree = "<group>";
		};
		3AE29F7B1BEB9A270089DE57 /* Ajust */ = {
			isa = PBXGroup;
			children = (
			);
			path = Ajust;
			sourceTree = "<group>";
		};
		3AE29F7C1BEB9A270089DE57 /* Camera */ = {
			isa = PBXGroup;
			children = (
				3A784D3C1BF5BA2000F679D2 /* CustomFilters */,
				3ADBF6951BEF4DB2004E58F6 /* Controller */,
				3ADBF6961BEF4DB2004E58F6 /* View */,
				3ADA31701BF4D7000090DA94 /* Model */,
			);
			path = Camera;
			sourceTree = "<group>";
		};
		3AE29F7D1BEB9A530089DE57 /* OpenShare */ = {
			isa = PBXGroup;
			children = (
				3AE29F7E1BEB9A530089DE57 /* OpenShare+Alipay.h */,
				3AE29F7F1BEB9A530089DE57 /* OpenShare+Alipay.m */,
				3AE29F801BEB9A530089DE57 /* OpenShare+QQ.h */,
				3AE29F811BEB9A530089DE57 /* OpenShare+QQ.m */,
				3AE29F821BEB9A530089DE57 /* OpenShare+Renren.h */,
				3AE29F831BEB9A530089DE57 /* OpenShare+Renren.m */,
				3AE29F841BEB9A530089DE57 /* OpenShare+Weibo.h */,
				3AE29F851BEB9A530089DE57 /* OpenShare+Weibo.m */,
				3AE29F861BEB9A530089DE57 /* OpenShare+Weixin.h */,
				3AE29F871BEB9A530089DE57 /* OpenShare+Weixin.m */,
				3AE29F881BEB9A530089DE57 /* OpenShare.h */,
				3AE29F891BEB9A530089DE57 /* OpenShare.m */,
				3AE29F8A1BEB9A530089DE57 /* OpenShareHeader.h */,
			);
			path = OpenShare;
			sourceTree = "<group>";
		};
		3AE29F981BEB9AE10089DE57 /* Resource */ = {
			isa = PBXGroup;
			children = (
				3ADA155D1BF63638002D8EFF /* Image */,
				3AE29FA41BEB9B910089DE57 /* LaunchScreen.storyboard */,
				3AE29FA61BEB9B910089DE57 /* Main.storyboard */,
				3AE29FA21BEB9B570089DE57 /* Assets.xcassets */,
				3AE29FA01BEB9B530089DE57 /* Info.plist */,
			);
			path = Resource;
			sourceTree = "<group>";
		};
		3AE29FAA1BEB9FC90089DE57 /* Global */ = {
			isa = PBXGroup;
			children = (
				3A718E861BF03FD600440989 /* Extension */,
				3ADBF6991BEF4E04004E58F6 /* Model */,
				3AE29FAD1BEBA11C0089DE57 /* Capture-Bridging-Header.h */,
				3A5C847B1BEC462E00712ED1 /* GlobalDef.swift */,
			);
			path = Global;
			sourceTree = "<group>";
		};
/* End PBXGroup section */

/* Begin PBXNativeTarget section */
		3A5C845D1BEB186000712ED1 /* Capture */ = {
			isa = PBXNativeTarget;
			buildConfigurationList = 3A5C84701BEB186000712ED1 /* Build configuration list for PBXNativeTarget "Capture" */;
			buildPhases = (
				3A5C845A1BEB186000712ED1 /* Sources */,
				3A5C845B1BEB186000712ED1 /* Frameworks */,
				3A5C845C1BEB186000712ED1 /* Resources */,
				3A784D481BF5CE4700F679D2 /* Embed Frameworks */,
			);
			buildRules = (
			);
			dependencies = (
				3ADA316F1BF4D60F0090DA94 /* PBXTargetDependency */,
				3A784D471BF5CE4700F679D2 /* PBXTargetDependency */,
			);
			name = Capture;
			productName = Capture;
			productReference = 3A5C845E1BEB186000712ED1 /* Capture.app */;
			productType = "com.apple.product-type.application";
		};
/* End PBXNativeTarget section */

/* Begin PBXProject section */
		3A5C84561BEB186000712ED1 /* Project object */ = {
			isa = PBXProject;
			attributes = {
				LastSwiftUpdateCheck = 0710;
				LastUpgradeCheck = 0710;
				ORGANIZATIONNAME = ShawnDu;
				TargetAttributes = {
					3A5C845D1BEB186000712ED1 = {
						CreatedOnToolsVersion = 7.1;
						DevelopmentTeam = A9VAJDN54X;
					};
				};
			};
			buildConfigurationList = 3A5C84591BEB186000712ED1 /* Build configuration list for PBXProject "Capture" */;
			compatibilityVersion = "Xcode 3.2";
			developmentRegion = English;
			hasScannedForEncodings = 0;
			knownRegions = (
				en,
				Base,
			);
			mainGroup = 3A5C84551BEB186000712ED1;
			productRefGroup = 3A5C845F1BEB186000712ED1 /* Products */;
			projectDirPath = "";
			projectReferences = (
				{
					ProductGroup = 3ADA31651BF4D5910090DA94 /* Products */;
					ProjectRef = 3ADA31641BF4D5910090DA94 /* GPUImage.xcodeproj */;
				},
			);
			projectRoot = "";
			targets = (
				3A5C845D1BEB186000712ED1 /* Capture */,
			);
		};
/* End PBXProject section */

/* Begin PBXReferenceProxy section */
		3ADA316B1BF4D5910090DA94 /* libGPUImage.a */ = {
			isa = PBXReferenceProxy;
			fileType = archive.ar;
			path = libGPUImage.a;
			remoteRef = 3ADA316A1BF4D5910090DA94 /* PBXContainerItemProxy */;
			sourceTree = BUILT_PRODUCTS_DIR;
		};
		3ADA316D1BF4D5910090DA94 /* GPUImage.framework */ = {
			isa = PBXReferenceProxy;
			fileType = wrapper.framework;
			path = GPUImage.framework;
			remoteRef = 3ADA316C1BF4D5910090DA94 /* PBXContainerItemProxy */;
			sourceTree = BUILT_PRODUCTS_DIR;
		};
/* End PBXReferenceProxy section */

/* Begin PBXResourcesBuildPhase section */
		3A5C845C1BEB186000712ED1 /* Resources */ = {
			isa = PBXResourcesBuildPhase;
			buildActionMask = 2147483647;
			files = (
				3AE29FA81BEB9B910089DE57 /* LaunchScreen.storyboard in Resources */,
				3ADA15751BF63638002D8EFF /* lookupRouguang.png in Resources */,
				3A7A3E8D1BF6D42200DC5BC9 /* lookupAbaose.png in Resources */,
				3AE29FA11BEB9B530089DE57 /* Info.plist in Resources */,
				3A7A3EA21BF7015E00DC5BC9 /* lookupZiran.png in Resources */,
				3ADA15771BF63638002D8EFF /* lookupWeimei.png in Resources */,
				3A7A3E971BF6F17F00DC5BC9 /* lookupFennen.png in Resources */,
				3ADA156D1BF63638002D8EFF /* lookupDianya.png in Resources */,
				3A7A3E991BF6F17F00DC5BC9 /* lookupTianmei.png in Resources */,
				3AE29FA31BEB9B570089DE57 /* Assets.xcassets in Resources */,
				3A7A3EA11BF7015E00DC5BC9 /* lookupMeiyan.png in Resources */,
				3A5C849C1BEC523600712ED1 /* baidumobadsdk.bundle in Resources */,
				3ADA156F1BF63638002D8EFF /* lookupFugu.png in Resources */,
				3A7A3E981BF6F17F00DC5BC9 /* lookupQingliang.png in Resources */,
				3AE29FA91BEB9B910089DE57 /* Main.storyboard in Resources */,
				3ADA15701BF63638002D8EFF /* lookupHeibai.png in Resources */,
				3ADA15711BF63638002D8EFF /* lookupHuaijiu.png in Resources */,
				3ADA15721BF63638002D8EFF /* lookupKeke.png in Resources */,
			);
			runOnlyForDeploymentPostprocessing = 0;
		};
/* End PBXResourcesBuildPhase section */

/* Begin PBXSourcesBuildPhase section */
		3A5C845A1BEB186000712ED1 /* Sources */ = {
			isa = PBXSourcesBuildPhase;
			buildActionMask = 2147483647;
			files = (
				3A5C84621BEB186000712ED1 /* AppDelegate.swift in Sources */,
				3A784D421BF5BDCF00F679D2 /* FilterOperation.swift in Sources */,
				3AE29F931BEB9A530089DE57 /* OpenShare+Renren.m in Sources */,
				3ADBF69F1BEF869D004E58F6 /* APCameraMainView.swift in Sources */,
				3ADBF69D1BEF867D004E58F6 /* APCameraMainViewController.swift in Sources */,
				3ADBF69B1BEF4E04004E58F6 /* FilterModel.swift in Sources */,
				3ADA31721BF4D73E0090DA94 /* APCameraManager.swift in Sources */,
				3A5C847A1BEB1B1600712ED1 /* HomeViewController.swift in Sources */,
				3A718E881BF03FFF00440989 /* Extension.swift in Sources */,
				3A784D401BF5BB0F00F679D2 /* GPUImageCustomLookupFilter.swift in Sources */,
				3AE29F961BEB9A530089DE57 /* OpenShare.m in Sources */,
				3AE29F911BEB9A530089DE57 /* OpenShare+Alipay.m in Sources */,
				3A5C847C1BEC462E00712ED1 /* GlobalDef.swift in Sources */,
				3AE29F941BEB9A530089DE57 /* OpenShare+Weibo.m in Sources */,
				3AE29F921BEB9A530089DE57 /* OpenShare+QQ.m in Sources */,
				3A5C84B31BECCB4100712ED1 /* HomeView.swift in Sources */,
				3ADBF6A31BEF886A004E58F6 /* APCameraFilterCollectionView.swift in Sources */,
				3ADC4D2E1BF89E54008B0440 /* APPhotoBrowseViewController.swift in Sources */,
				3AE29F951BEB9A530089DE57 /* OpenShare+Weixin.m in Sources */,
			);
			runOnlyForDeploymentPostprocessing = 0;
		};
/* End PBXSourcesBuildPhase section */

/* Begin PBXTargetDependency section */
		3A784D471BF5CE4700F679D2 /* PBXTargetDependency */ = {
			isa = PBXTargetDependency;
			name = GPUImageFramework;
			targetProxy = 3A784D461BF5CE4700F679D2 /* PBXContainerItemProxy */;
		};
		3ADA316F1BF4D60F0090DA94 /* PBXTargetDependency */ = {
			isa = PBXTargetDependency;
			name = GPUImageFramework;
			targetProxy = 3ADA316E1BF4D60F0090DA94 /* PBXContainerItemProxy */;
		};
/* End PBXTargetDependency section */

/* Begin PBXVariantGroup section */
		3AE29FA41BEB9B910089DE57 /* LaunchScreen.storyboard */ = {
			isa = PBXVariantGroup;
			children = (
				3AE29FA51BEB9B910089DE57 /* Base */,
			);
			name = LaunchScreen.storyboard;
			sourceTree = "<group>";
		};
		3AE29FA61BEB9B910089DE57 /* Main.storyboard */ = {
			isa = PBXVariantGroup;
			children = (
				3AE29FA71BEB9B910089DE57 /* Base */,
			);
			name = Main.storyboard;
			sourceTree = "<group>";
		};
/* End PBXVariantGroup section */

/* Begin XCBuildConfiguration section */
		3A5C846E1BEB186000712ED1 /* Debug */ = {
			isa = XCBuildConfiguration;
			buildSettings = {
				ALWAYS_SEARCH_USER_PATHS = NO;
				CLANG_CXX_LANGUAGE_STANDARD = "gnu++0x";
				CLANG_CXX_LIBRARY = "libc++";
				CLANG_ENABLE_MODULES = YES;
				CLANG_ENABLE_OBJC_ARC = YES;
				CLANG_WARN_BOOL_CONVERSION = YES;
				CLANG_WARN_CONSTANT_CONVERSION = YES;
				CLANG_WARN_DIRECT_OBJC_ISA_USAGE = YES_ERROR;
				CLANG_WARN_EMPTY_BODY = YES;
				CLANG_WARN_ENUM_CONVERSION = YES;
				CLANG_WARN_INT_CONVERSION = YES;
				CLANG_WARN_OBJC_ROOT_CLASS = YES_ERROR;
				CLANG_WARN_UNREACHABLE_CODE = YES;
				CLANG_WARN__DUPLICATE_METHOD_MATCH = YES;
				"CODE_SIGN_IDENTITY[sdk=iphoneos*]" = "iPhone Developer";
				COPY_PHASE_STRIP = NO;
				DEBUG_INFORMATION_FORMAT = dwarf;
				ENABLE_STRICT_OBJC_MSGSEND = YES;
				ENABLE_TESTABILITY = YES;
				GCC_C_LANGUAGE_STANDARD = gnu99;
				GCC_DYNAMIC_NO_PIC = NO;
				GCC_NO_COMMON_BLOCKS = YES;
				GCC_OPTIMIZATION_LEVEL = 0;
				GCC_PREPROCESSOR_DEFINITIONS = (
					"DEBUG=1",
					"$(inherited)",
				);
				GCC_WARN_64_TO_32_BIT_CONVERSION = YES;
				GCC_WARN_ABOUT_RETURN_TYPE = YES_ERROR;
				GCC_WARN_UNDECLARED_SELECTOR = YES;
				GCC_WARN_UNINITIALIZED_AUTOS = YES_AGGRESSIVE;
				GCC_WARN_UNUSED_FUNCTION = YES;
				GCC_WARN_UNUSED_VARIABLE = YES;
				IPHONEOS_DEPLOYMENT_TARGET = 9.1;
				MTL_ENABLE_DEBUG_INFO = YES;
				ONLY_ACTIVE_ARCH = YES;
				SDKROOT = iphoneos;
				SWIFT_OPTIMIZATION_LEVEL = "-Onone";
			};
			name = Debug;
		};
		3A5C846F1BEB186000712ED1 /* Release */ = {
			isa = XCBuildConfiguration;
			buildSettings = {
				ALWAYS_SEARCH_USER_PATHS = NO;
				CLANG_CXX_LANGUAGE_STANDARD = "gnu++0x";
				CLANG_CXX_LIBRARY = "libc++";
				CLANG_ENABLE_MODULES = YES;
				CLANG_ENABLE_OBJC_ARC = YES;
				CLANG_WARN_BOOL_CONVERSION = YES;
				CLANG_WARN_CONSTANT_CONVERSION = YES;
				CLANG_WARN_DIRECT_OBJC_ISA_USAGE = YES_ERROR;
				CLANG_WARN_EMPTY_BODY = YES;
				CLANG_WARN_ENUM_CONVERSION = YES;
				CLANG_WARN_INT_CONVERSION = YES;
				CLANG_WARN_OBJC_ROOT_CLASS = YES_ERROR;
				CLANG_WARN_UNREACHABLE_CODE = YES;
				CLANG_WARN__DUPLICATE_METHOD_MATCH = YES;
				"CODE_SIGN_IDENTITY[sdk=iphoneos*]" = "iPhone Developer";
				COPY_PHASE_STRIP = NO;
				DEBUG_INFORMATION_FORMAT = "dwarf-with-dsym";
				ENABLE_NS_ASSERTIONS = NO;
				ENABLE_STRICT_OBJC_MSGSEND = YES;
				GCC_C_LANGUAGE_STANDARD = gnu99;
				GCC_NO_COMMON_BLOCKS = YES;
				GCC_WARN_64_TO_32_BIT_CONVERSION = YES;
				GCC_WARN_ABOUT_RETURN_TYPE = YES_ERROR;
				GCC_WARN_UNDECLARED_SELECTOR = YES;
				GCC_WARN_UNINITIALIZED_AUTOS = YES_AGGRESSIVE;
				GCC_WARN_UNUSED_FUNCTION = YES;
				GCC_WARN_UNUSED_VARIABLE = YES;
				IPHONEOS_DEPLOYMENT_TARGET = 9.1;
				MTL_ENABLE_DEBUG_INFO = NO;
				SDKROOT = iphoneos;
				VALIDATE_PRODUCT = YES;
			};
			name = Release;
		};
		3A5C84711BEB186000712ED1 /* Debug */ = {
			isa = XCBuildConfiguration;
			buildSettings = {
				ASSETCATALOG_COMPILER_APPICON_NAME = AppIcon;
				CODE_SIGN_IDENTITY = "iPhone Developer";
				ENABLE_BITCODE = NO;
				HEADER_SEARCH_PATHS = "";
				INFOPLIST_FILE = "$(SRCROOT)/Capture/Resource/Info.plist";
				IPHONEOS_DEPLOYMENT_TARGET = 8.0;
				LD_RUNPATH_SEARCH_PATHS = "$(inherited) @executable_path/Frameworks";
				LIBRARY_SEARCH_PATHS = (
					"$(inherited)",
					"$(PROJECT_DIR)/Capture/Lib/TecentAds",
					"$(PROJECT_DIR)/Capture/Lib/BaiduAds/ios_api",
				);
				OTHER_LDFLAGS = (
					"-lstdc++",
					"-ObjC",
				);
				PRODUCT_BUNDLE_IDENTIFIER = shawn.Capture;
				PRODUCT_NAME = "$(TARGET_NAME)";
				SWIFT_OBJC_BRIDGING_HEADER = "$(PROJECT_DIR)/Capture/Global/Capture-Bridging-header.h";
			};
			name = Debug;
		};
		3A5C84721BEB186000712ED1 /* Release */ = {
			isa = XCBuildConfiguration;
			buildSettings = {
				ASSETCATALOG_COMPILER_APPICON_NAME = AppIcon;
				CODE_SIGN_IDENTITY = "iPhone Developer";
				ENABLE_BITCODE = NO;
				HEADER_SEARCH_PATHS = "";
				INFOPLIST_FILE = "$(SRCROOT)/Capture/Resource/Info.plist";
				IPHONEOS_DEPLOYMENT_TARGET = 8.0;
				LD_RUNPATH_SEARCH_PATHS = "$(inherited) @executable_path/Frameworks";
				LIBRARY_SEARCH_PATHS = (
					"$(inherited)",
					"$(PROJECT_DIR)/Capture/Lib/TecentAds",
					"$(PROJECT_DIR)/Capture/Lib/BaiduAds/ios_api",
				);
				OTHER_LDFLAGS = (
					"-lstdc++",
					"-ObjC",
				);
				PRODUCT_BUNDLE_IDENTIFIER = shawn.Capture;
				PRODUCT_NAME = "$(TARGET_NAME)";
				SWIFT_OBJC_BRIDGING_HEADER = "$(PROJECT_DIR)/Capture/Global/Capture-Bridging-header.h";
			};
			name = Release;
		};
/* End XCBuildConfiguration section */

/* Begin XCConfigurationList section */
		3A5C84591BEB186000712ED1 /* Build configuration list for PBXProject "Capture" */ = {
			isa = XCConfigurationList;
			buildConfigurations = (
				3A5C846E1BEB186000712ED1 /* Debug */,
				3A5C846F1BEB186000712ED1 /* Release */,
			);
			defaultConfigurationIsVisible = 0;
			defaultConfigurationName = Release;
		};
		3A5C84701BEB186000712ED1 /* Build configuration list for PBXNativeTarget "Capture" */ = {
			isa = XCConfigurationList;
			buildConfigurations = (
				3A5C84711BEB186000712ED1 /* Debug */,
				3A5C84721BEB186000712ED1 /* Release */,
			);
			defaultConfigurationIsVisible = 0;
			defaultConfigurationName = Release;
		};
/* End XCConfigurationList section */
	};
	rootObject = 3A5C84561BEB186000712ED1 /* Project object */;
}
