// !$*UTF8*$!
{
	archiveVersion = 1;
	classes = {
	};
	objectVersion = 46;
	objects = {

/* Begin PBXBuildFile section */
		2AFEAEBE1D01667A00BC9AF3 /* SSGPUImageBeautyFilter.m in Sources */ = {isa = PBXBuildFile; fileRef = 2AFEAEBD1D01667A00BC9AF3 /* SSGPUImageBeautyFilter.m */; };
		3A1EF78E1C17D04600AE325C /* GestureView.swift in Sources */ = {isa = PBXBuildFile; fileRef = 3A1EF78D1C17D04600AE325C /* GestureView.swift */; };
		3A1EF7921C17D06600AE325C /* NotifyAnimateView.swift in Sources */ = {isa = PBXBuildFile; fileRef = 3A1EF7911C17D06600AE325C /* NotifyAnimateView.swift */; };
		3A5C84621BEB186000712ED1 /* AppDelegate.swift in Sources */ = {isa = PBXBuildFile; fileRef = 3A5C84611BEB186000712ED1 /* AppDelegate.swift */; };
		3A5C847A1BEB1B1600712ED1 /* HomeViewController.swift in Sources */ = {isa = PBXBuildFile; fileRef = 3A5C84791BEB1B1600712ED1 /* HomeViewController.swift */; };
		3A5C847C1BEC462E00712ED1 /* GlobalDef.swift in Sources */ = {isa = PBXBuildFile; fileRef = 3A5C847B1BEC462E00712ED1 /* GlobalDef.swift */; };
		3A5C847E1BEC4D9000712ED1 /* AdSupport.framework in Frameworks */ = {isa = PBXBuildFile; fileRef = 3A5C847D1BEC4D8F00712ED1 /* AdSupport.framework */; };
		3A5C84801BEC4D9600712ED1 /* CoreLocation.framework in Frameworks */ = {isa = PBXBuildFile; fileRef = 3A5C847F1BEC4D9600712ED1 /* CoreLocation.framework */; };
		3A5C84821BEC4D9D00712ED1 /* QuartzCore.framework in Frameworks */ = {isa = PBXBuildFile; fileRef = 3A5C84811BEC4D9D00712ED1 /* QuartzCore.framework */; };
		3A5C84841BEC4DA500712ED1 /* SystemConfiguration.framework in Frameworks */ = {isa = PBXBuildFile; fileRef = 3A5C84831BEC4DA500712ED1 /* SystemConfiguration.framework */; };
		3A5C84861BEC4DAF00712ED1 /* CoreTelephony.framework in Frameworks */ = {isa = PBXBuildFile; fileRef = 3A5C84851BEC4DAF00712ED1 /* CoreTelephony.framework */; };
		3A5C84881BEC4DB800712ED1 /* libz.tbd in Frameworks */ = {isa = PBXBuildFile; fileRef = 3A5C84871BEC4DB800712ED1 /* libz.tbd */; };
		3A5C848A1BEC4DC200712ED1 /* Security.framework in Frameworks */ = {isa = PBXBuildFile; fileRef = 3A5C84891BEC4DC200712ED1 /* Security.framework */; };
		3A5C848C1BEC4DC800712ED1 /* StoreKit.framework in Frameworks */ = {isa = PBXBuildFile; fileRef = 3A5C848B1BEC4DC800712ED1 /* StoreKit.framework */; };
		3A5C849C1BEC523600712ED1 /* baidumobadsdk.bundle in Resources */ = {isa = PBXBuildFile; fileRef = 3A5C84951BEC523600712ED1 /* baidumobadsdk.bundle */; };
		3A5C849D1BEC523600712ED1 /* libBaiduMobAdSdk64bit.a in Frameworks */ = {isa = PBXBuildFile; fileRef = 3A5C849B1BEC523600712ED1 /* libBaiduMobAdSdk64bit.a */; };
		3A5C849F1BEC53AE00712ED1 /* EventKit.framework in Frameworks */ = {isa = PBXBuildFile; fileRef = 3A5C849E1BEC53AE00712ED1 /* EventKit.framework */; };
		3A5C84A11BEC53B400712ED1 /* EventKitUI.framework in Frameworks */ = {isa = PBXBuildFile; fileRef = 3A5C84A01BEC53B400712ED1 /* EventKitUI.framework */; };
		3A5C84A31BEC53BC00712ED1 /* CFNetwork.framework in Frameworks */ = {isa = PBXBuildFile; fileRef = 3A5C84A21BEC53BC00712ED1 /* CFNetwork.framework */; };
		3A5C84A51BEC53C400712ED1 /* ImageIO.framework in Frameworks */ = {isa = PBXBuildFile; fileRef = 3A5C84A41BEC53C400712ED1 /* ImageIO.framework */; };
		3A5C84A71BEC542200712ED1 /* MediaPlayer.framework in Frameworks */ = {isa = PBXBuildFile; fileRef = 3A5C84A61BEC542200712ED1 /* MediaPlayer.framework */; };
		3A5C84A91BEC544300712ED1 /* AudioToolbox.framework in Frameworks */ = {isa = PBXBuildFile; fileRef = 3A5C84A81BEC544300712ED1 /* AudioToolbox.framework */; };
		3A5C84AB1BEC544C00712ED1 /* AVFoundation.framework in Frameworks */ = {isa = PBXBuildFile; fileRef = 3A5C84AA1BEC544C00712ED1 /* AVFoundation.framework */; };
		3A5C84AD1BEC546800712ED1 /* MessageUI.framework in Frameworks */ = {isa = PBXBuildFile; fileRef = 3A5C84AC1BEC546800712ED1 /* MessageUI.framework */; };
		3A5C84AF1BEC547D00712ED1 /* CoreMotion.framework in Frameworks */ = {isa = PBXBuildFile; fileRef = 3A5C84AE1BEC547D00712ED1 /* CoreMotion.framework */; };
		3A5C84B31BECCB4100712ED1 /* HomeView.swift in Sources */ = {isa = PBXBuildFile; fileRef = 3A5C84B21BECCB4100712ED1 /* HomeView.swift */; };
		3A648BB01C127C1D00075159 /* APShowItemScrollView.swift in Sources */ = {isa = PBXBuildFile; fileRef = 3A648BAF1C127C1D00075159 /* APShowItemScrollView.swift */; };
		3A6829C21C069D0A0011B3D8 /* Extension.swift in Sources */ = {isa = PBXBuildFile; fileRef = 3A6829C11C069D0A0011B3D8 /* Extension.swift */; };
		3A6829C41C069E080011B3D8 /* SSButton.swift in Sources */ = {isa = PBXBuildFile; fileRef = 3A6829C31C069E080011B3D8 /* SSButton.swift */; };
		3A784D401BF5BB0F00F679D2 /* GPUImageCustomLookupFilter.swift in Sources */ = {isa = PBXBuildFile; fileRef = 3A784D3F1BF5BB0E00F679D2 /* GPUImageCustomLookupFilter.swift */; };
		3A784D421BF5BDCF00F679D2 /* FilterOperation.swift in Sources */ = {isa = PBXBuildFile; fileRef = 3A784D411BF5BDCF00F679D2 /* FilterOperation.swift */; };
		3A8283D01C048004004E339F /* SSTask.swift in Sources */ = {isa = PBXBuildFile; fileRef = 3A8283CF1C048004004E339F /* SSTask.swift */; };
		3A8283D51C0561C5004E339F /* ImageModel.swift in Sources */ = {isa = PBXBuildFile; fileRef = 3A8283D41C0561C5004E339F /* ImageModel.swift */; };
		3AAE5D611C11AB6900BAEFD8 /* PaintingView.m in Sources */ = {isa = PBXBuildFile; fileRef = 3AAE5D5F1C11AB6900BAEFD8 /* PaintingView.m */; };
		3AAE5D6A1C11B52E00BAEFD8 /* CGPointExtension.m in Sources */ = {isa = PBXBuildFile; fileRef = 3AAE5D691C11B52E00BAEFD8 /* CGPointExtension.m */; };
		3AAE5D6D1C11B55300BAEFD8 /* UIImage+extend.m in Sources */ = {isa = PBXBuildFile; fileRef = 3AAE5D6C1C11B55300BAEFD8 /* UIImage+extend.m */; };
		3AB67F8E1C0FEE7500D15A49 /* APBeautyMainViewController.swift in Sources */ = {isa = PBXBuildFile; fileRef = 3AB67F851C0FEE7500D15A49 /* APBeautyMainViewController.swift */; };
		3AB67F8F1C0FEE7500D15A49 /* APBottomButtonModel.swift in Sources */ = {isa = PBXBuildFile; fileRef = 3AB67F871C0FEE7500D15A49 /* APBottomButtonModel.swift */; };
		3AB67F901C0FEE7500D15A49 /* APBeautyMainBottomView.swift in Sources */ = {isa = PBXBuildFile; fileRef = 3AB67F891C0FEE7500D15A49 /* APBeautyMainBottomView.swift */; };
		3AB67F911C0FEE7500D15A49 /* APBeautyMainMiddleScrollView.swift in Sources */ = {isa = PBXBuildFile; fileRef = 3AB67F8A1C0FEE7500D15A49 /* APBeautyMainMiddleScrollView.swift */; };
		3AB67F921C0FEE7500D15A49 /* APBeautyMainMiddleView.swift in Sources */ = {isa = PBXBuildFile; fileRef = 3AB67F8B1C0FEE7500D15A49 /* APBeautyMainMiddleView.swift */; };
		3AB67F931C0FEE7500D15A49 /* APBeautyMainTopView.swift in Sources */ = {isa = PBXBuildFile; fileRef = 3AB67F8C1C0FEE7500D15A49 /* APBeautyMainTopView.swift */; };
		3AB67F9A1C0FEEF600D15A49 /* ScalarFilterParameter.swift in Sources */ = {isa = PBXBuildFile; fileRef = 3AB67F991C0FEEF600D15A49 /* ScalarFilterParameter.swift */; };
		3AB67F9C1C0FEEFF00D15A49 /* FilteredImageView.swift in Sources */ = {isa = PBXBuildFile; fileRef = 3AB67F9B1C0FEEFF00D15A49 /* FilteredImageView.swift */; };
		3AB67FA11C0FEF0F00D15A49 /* FilterDetailViewController.swift in Sources */ = {isa = PBXBuildFile; fileRef = 3AB67F9D1C0FEF0F00D15A49 /* FilterDetailViewController.swift */; };
		3AB67FA21C0FEF0F00D15A49 /* FilterListViewController.swift in Sources */ = {isa = PBXBuildFile; fileRef = 3AB67F9E1C0FEF0F00D15A49 /* FilterListViewController.swift */; };
		3AB67FA31C0FEF0F00D15A49 /* LabeledSliderView.swift in Sources */ = {isa = PBXBuildFile; fileRef = 3AB67F9F1C0FEF0F00D15A49 /* LabeledSliderView.swift */; };
		3AB67FA41C0FEF0F00D15A49 /* ParameterAdjustmentView.swift in Sources */ = {isa = PBXBuildFile; fileRef = 3AB67FA01C0FEF0F00D15A49 /* ParameterAdjustmentView.swift */; };
		3AB67FA71C10191000D15A49 /* APCancelConfirmView.swift in Sources */ = {isa = PBXBuildFile; fileRef = 3AB67FA61C10191000D15A49 /* APCancelConfirmView.swift */; };
		3ADA31721BF4D73E0090DA94 /* APCameraManager.swift in Sources */ = {isa = PBXBuildFile; fileRef = 3ADA31711BF4D73E0090DA94 /* APCameraManager.swift */; };
		3ADA68FE1C04AC5E0036A573 /* SSTaskManager.swift in Sources */ = {isa = PBXBuildFile; fileRef = 3ADA68FD1C04AC5E0036A573 /* SSTaskManager.swift */; };
		3ADBF69B1BEF4E04004E58F6 /* FilterModel.swift in Sources */ = {isa = PBXBuildFile; fileRef = 3ADBF69A1BEF4E04004E58F6 /* FilterModel.swift */; };
		3ADBF69D1BEF867D004E58F6 /* APCameraMainViewController.swift in Sources */ = {isa = PBXBuildFile; fileRef = 3ADBF69C1BEF867D004E58F6 /* APCameraMainViewController.swift */; };
		3ADBF69F1BEF869D004E58F6 /* APCameraMainView.swift in Sources */ = {isa = PBXBuildFile; fileRef = 3ADBF69E1BEF869D004E58F6 /* APCameraMainView.swift */; };
		3ADBF6A31BEF886A004E58F6 /* APCameraFilterCollectionView.swift in Sources */ = {isa = PBXBuildFile; fileRef = 3ADBF6A21BEF886A004E58F6 /* APCameraFilterCollectionView.swift */; };
		3ADC4D2E1BF89E54008B0440 /* APPhotoBrowseViewController.swift in Sources */ = {isa = PBXBuildFile; fileRef = 3ADC4D2D1BF89E54008B0440 /* APPhotoBrowseViewController.swift */; };
		3ADC4D331BF8B8E4008B0440 /* APImageHelper.swift in Sources */ = {isa = PBXBuildFile; fileRef = 3ADC4D321BF8B8E4008B0440 /* APImageHelper.swift */; };
		3ADC4D351BF8BD7B008B0440 /* CustumPhotoAlbum.swift in Sources */ = {isa = PBXBuildFile; fileRef = 3ADC4D341BF8BD7B008B0440 /* CustumPhotoAlbum.swift */; };
		3AE29F911BEB9A530089DE57 /* OpenShare+Alipay.m in Sources */ = {isa = PBXBuildFile; fileRef = 3AE29F7F1BEB9A530089DE57 /* OpenShare+Alipay.m */; };
		3AE29F921BEB9A530089DE57 /* OpenShare+QQ.m in Sources */ = {isa = PBXBuildFile; fileRef = 3AE29F811BEB9A530089DE57 /* OpenShare+QQ.m */; };
		3AE29F931BEB9A530089DE57 /* OpenShare+Renren.m in Sources */ = {isa = PBXBuildFile; fileRef = 3AE29F831BEB9A530089DE57 /* OpenShare+Renren.m */; };
		3AE29F941BEB9A530089DE57 /* OpenShare+Weibo.m in Sources */ = {isa = PBXBuildFile; fileRef = 3AE29F851BEB9A530089DE57 /* OpenShare+Weibo.m */; };
		3AE29F951BEB9A530089DE57 /* OpenShare+Weixin.m in Sources */ = {isa = PBXBuildFile; fileRef = 3AE29F871BEB9A530089DE57 /* OpenShare+Weixin.m */; };
		3AE29F961BEB9A530089DE57 /* OpenShare.m in Sources */ = {isa = PBXBuildFile; fileRef = 3AE29F891BEB9A530089DE57 /* OpenShare.m */; };
		3AE29FA31BEB9B570089DE57 /* Assets.xcassets in Resources */ = {isa = PBXBuildFile; fileRef = 3AE29FA21BEB9B570089DE57 /* Assets.xcassets */; };
		3AE29FA81BEB9B910089DE57 /* LaunchScreen.storyboard in Resources */ = {isa = PBXBuildFile; fileRef = 3AE29FA41BEB9B910089DE57 /* LaunchScreen.storyboard */; };
		3AE29FA91BEB9B910089DE57 /* Main.storyboard in Resources */ = {isa = PBXBuildFile; fileRef = 3AE29FA61BEB9B910089DE57 /* Main.storyboard */; };
		3AE378A71C0E95A3008B59FB /* PECropRectView.m in Sources */ = {isa = PBXBuildFile; fileRef = 3AE3789E1C0E95A3008B59FB /* PECropRectView.m */; };
		3AE378A81C0E95A3008B59FB /* PECropView.m in Sources */ = {isa = PBXBuildFile; fileRef = 3AE378A01C0E95A3008B59FB /* PECropView.m */; };
		3AE378A91C0E95A3008B59FB /* PECropViewController.m in Sources */ = {isa = PBXBuildFile; fileRef = 3AE378A21C0E95A3008B59FB /* PECropViewController.m */; };
		3AE378AA1C0E95A3008B59FB /* PEResizeControl.m in Sources */ = {isa = PBXBuildFile; fileRef = 3AE378A41C0E95A3008B59FB /* PEResizeControl.m */; };
		3AE378AB1C0E95A3008B59FB /* UIImage+PECrop.m in Sources */ = {isa = PBXBuildFile; fileRef = 3AE378A61C0E95A3008B59FB /* UIImage+PECrop.m */; };
		3AE378AD1C0E95C3008B59FB /* PEPhotoCropEditorBorder@2x.png in Resources */ = {isa = PBXBuildFile; fileRef = 3AE378AC1C0E95C3008B59FB /* PEPhotoCropEditorBorder@2x.png */; };
		3AE9581D1C16D27600E006DA /* APMosaicView.swift in Sources */ = {isa = PBXBuildFile; fileRef = 3AE9581C1C16D27600E006DA /* APMosaicView.swift */; };
		3AE958201C16F1EA00E006DA /* FilterControl.m in Sources */ = {isa = PBXBuildFile; fileRef = 3AE9581F1C16F1EA00E006DA /* FilterControl.m */; };
		77FB2F423657F06DA302F339 /* Pods_Capture.framework in Frameworks */ = {isa = PBXBuildFile; fileRef = 3F099EDEB1D8234C480DBC3A /* Pods_Capture.framework */; };
/* End PBXBuildFile section */

/* Begin PBXFileReference section */
		2AFEAEBC1D01667A00BC9AF3 /* SSGPUImageBeautyFilter.h */ = {isa = PBXFileReference; fileEncoding = 4; lastKnownFileType = sourcecode.c.h; path = SSGPUImageBeautyFilter.h; sourceTree = "<group>"; };
		2AFEAEBD1D01667A00BC9AF3 /* SSGPUImageBeautyFilter.m */ = {isa = PBXFileReference; fileEncoding = 4; lastKnownFileType = sourcecode.c.objc; path = SSGPUImageBeautyFilter.m; sourceTree = "<group>"; };
		3A1EF78D1C17D04600AE325C /* GestureView.swift */ = {isa = PBXFileReference; fileEncoding = 4; lastKnownFileType = sourcecode.swift; path = GestureView.swift; sourceTree = "<group>"; };
		3A1EF7911C17D06600AE325C /* NotifyAnimateView.swift */ = {isa = PBXFileReference; fileEncoding = 4; lastKnownFileType = sourcecode.swift; path = NotifyAnimateView.swift; sourceTree = "<group>"; };
		3A5C845E1BEB186000712ED1 /* Capture.app */ = {isa = PBXFileReference; explicitFileType = wrapper.application; includeInIndex = 0; path = Capture.app; sourceTree = BUILT_PRODUCTS_DIR; };
		3A5C84611BEB186000712ED1 /* AppDelegate.swift */ = {isa = PBXFileReference; lastKnownFileType = sourcecode.swift; path = AppDelegate.swift; sourceTree = "<group>"; };
		3A5C84791BEB1B1600712ED1 /* HomeViewController.swift */ = {isa = PBXFileReference; fileEncoding = 4; lastKnownFileType = sourcecode.swift; path = HomeViewController.swift; sourceTree = "<group>"; };
		3A5C847B1BEC462E00712ED1 /* GlobalDef.swift */ = {isa = PBXFileReference; fileEncoding = 4; lastKnownFileType = sourcecode.swift; path = GlobalDef.swift; sourceTree = "<group>"; };
		3A5C847D1BEC4D8F00712ED1 /* AdSupport.framework */ = {isa = PBXFileReference; lastKnownFileType = wrapper.framework; name = AdSupport.framework; path = System/Library/Frameworks/AdSupport.framework; sourceTree = SDKROOT; };
		3A5C847F1BEC4D9600712ED1 /* CoreLocation.framework */ = {isa = PBXFileReference; lastKnownFileType = wrapper.framework; name = CoreLocation.framework; path = System/Library/Frameworks/CoreLocation.framework; sourceTree = SDKROOT; };
		3A5C84811BEC4D9D00712ED1 /* QuartzCore.framework */ = {isa = PBXFileReference; lastKnownFileType = wrapper.framework; name = QuartzCore.framework; path = System/Library/Frameworks/QuartzCore.framework; sourceTree = SDKROOT; };
		3A5C84831BEC4DA500712ED1 /* SystemConfiguration.framework */ = {isa = PBXFileReference; lastKnownFileType = wrapper.framework; name = SystemConfiguration.framework; path = System/Library/Frameworks/SystemConfiguration.framework; sourceTree = SDKROOT; };
		3A5C84851BEC4DAF00712ED1 /* CoreTelephony.framework */ = {isa = PBXFileReference; lastKnownFileType = wrapper.framework; name = CoreTelephony.framework; path = System/Library/Frameworks/CoreTelephony.framework; sourceTree = SDKROOT; };
		3A5C84871BEC4DB800712ED1 /* libz.tbd */ = {isa = PBXFileReference; lastKnownFileType = "sourcecode.text-based-dylib-definition"; name = libz.tbd; path = usr/lib/libz.tbd; sourceTree = SDKROOT; };
		3A5C84891BEC4DC200712ED1 /* Security.framework */ = {isa = PBXFileReference; lastKnownFileType = wrapper.framework; name = Security.framework; path = System/Library/Frameworks/Security.framework; sourceTree = SDKROOT; };
		3A5C848B1BEC4DC800712ED1 /* StoreKit.framework */ = {isa = PBXFileReference; lastKnownFileType = wrapper.framework; name = StoreKit.framework; path = System/Library/Frameworks/StoreKit.framework; sourceTree = SDKROOT; };
		3A5C848F1BEC523600712ED1 /* BaiduMobAdCommonConfig.h */ = {isa = PBXFileReference; fileEncoding = 4; lastKnownFileType = sourcecode.c.h; path = BaiduMobAdCommonConfig.h; sourceTree = "<group>"; };
		3A5C84901BEC523600712ED1 /* BaiduMobAdDelegateProtocol.h */ = {isa = PBXFileReference; fileEncoding = 4; lastKnownFileType = sourcecode.c.h; path = BaiduMobAdDelegateProtocol.h; sourceTree = "<group>"; };
		3A5C84911BEC523600712ED1 /* BaiduMobAdInterstitial.h */ = {isa = PBXFileReference; fileEncoding = 4; lastKnownFileType = sourcecode.c.h; path = BaiduMobAdInterstitial.h; sourceTree = "<group>"; };
		3A5C84921BEC523600712ED1 /* BaiduMobAdInterstitialDelegate.h */ = {isa = PBXFileReference; fileEncoding = 4; lastKnownFileType = sourcecode.c.h; path = BaiduMobAdInterstitialDelegate.h; sourceTree = "<group>"; };
		3A5C84931BEC523600712ED1 /* BaiduMobAdRecommendDelegateProtocol.h */ = {isa = PBXFileReference; fileEncoding = 4; lastKnownFileType = sourcecode.c.h; path = BaiduMobAdRecommendDelegateProtocol.h; sourceTree = "<group>"; };
		3A5C84941BEC523600712ED1 /* BaiduMobAdRecommendIcon.h */ = {isa = PBXFileReference; fileEncoding = 4; lastKnownFileType = sourcecode.c.h; path = BaiduMobAdRecommendIcon.h; sourceTree = "<group>"; };
		3A5C84951BEC523600712ED1 /* baidumobadsdk.bundle */ = {isa = PBXFileReference; lastKnownFileType = "wrapper.plug-in"; path = baidumobadsdk.bundle; sourceTree = "<group>"; };
		3A5C84961BEC523600712ED1 /* BaiduMobAdSplash.h */ = {isa = PBXFileReference; fileEncoding = 4; lastKnownFileType = sourcecode.c.h; path = BaiduMobAdSplash.h; sourceTree = "<group>"; };
		3A5C84971BEC523600712ED1 /* BaiduMobAdSplashDelegate.h */ = {isa = PBXFileReference; fileEncoding = 4; lastKnownFileType = sourcecode.c.h; path = BaiduMobAdSplashDelegate.h; sourceTree = "<group>"; };
		3A5C84981BEC523600712ED1 /* BaiduMobAdVideoDelegate.h */ = {isa = PBXFileReference; fileEncoding = 4; lastKnownFileType = sourcecode.c.h; path = BaiduMobAdVideoDelegate.h; sourceTree = "<group>"; };
		3A5C84991BEC523600712ED1 /* BaiduMobAdVideoView.h */ = {isa = PBXFileReference; fileEncoding = 4; lastKnownFileType = sourcecode.c.h; path = BaiduMobAdVideoView.h; sourceTree = "<group>"; };
		3A5C849A1BEC523600712ED1 /* BaiduMobAdView.h */ = {isa = PBXFileReference; fileEncoding = 4; lastKnownFileType = sourcecode.c.h; path = BaiduMobAdView.h; sourceTree = "<group>"; };
		3A5C849B1BEC523600712ED1 /* libBaiduMobAdSdk64bit.a */ = {isa = PBXFileReference; lastKnownFileType = archive.ar; path = libBaiduMobAdSdk64bit.a; sourceTree = "<group>"; };
		3A5C849E1BEC53AE00712ED1 /* EventKit.framework */ = {isa = PBXFileReference; lastKnownFileType = wrapper.framework; name = EventKit.framework; path = System/Library/Frameworks/EventKit.framework; sourceTree = SDKROOT; };
		3A5C84A01BEC53B400712ED1 /* EventKitUI.framework */ = {isa = PBXFileReference; lastKnownFileType = wrapper.framework; name = EventKitUI.framework; path = System/Library/Frameworks/EventKitUI.framework; sourceTree = SDKROOT; };
		3A5C84A21BEC53BC00712ED1 /* CFNetwork.framework */ = {isa = PBXFileReference; lastKnownFileType = wrapper.framework; name = CFNetwork.framework; path = System/Library/Frameworks/CFNetwork.framework; sourceTree = SDKROOT; };
		3A5C84A41BEC53C400712ED1 /* ImageIO.framework */ = {isa = PBXFileReference; lastKnownFileType = wrapper.framework; name = ImageIO.framework; path = System/Library/Frameworks/ImageIO.framework; sourceTree = SDKROOT; };
		3A5C84A61BEC542200712ED1 /* MediaPlayer.framework */ = {isa = PBXFileReference; lastKnownFileType = wrapper.framework; name = MediaPlayer.framework; path = System/Library/Frameworks/MediaPlayer.framework; sourceTree = SDKROOT; };
		3A5C84A81BEC544300712ED1 /* AudioToolbox.framework */ = {isa = PBXFileReference; lastKnownFileType = wrapper.framework; name = AudioToolbox.framework; path = System/Library/Frameworks/AudioToolbox.framework; sourceTree = SDKROOT; };
		3A5C84AA1BEC544C00712ED1 /* AVFoundation.framework */ = {isa = PBXFileReference; lastKnownFileType = wrapper.framework; name = AVFoundation.framework; path = System/Library/Frameworks/AVFoundation.framework; sourceTree = SDKROOT; };
		3A5C84AC1BEC546800712ED1 /* MessageUI.framework */ = {isa = PBXFileReference; lastKnownFileType = wrapper.framework; name = MessageUI.framework; path = System/Library/Frameworks/MessageUI.framework; sourceTree = SDKROOT; };
		3A5C84AE1BEC547D00712ED1 /* CoreMotion.framework */ = {isa = PBXFileReference; lastKnownFileType = wrapper.framework; name = CoreMotion.framework; path = System/Library/Frameworks/CoreMotion.framework; sourceTree = SDKROOT; };
		3A5C84B21BECCB4100712ED1 /* HomeView.swift */ = {isa = PBXFileReference; fileEncoding = 4; lastKnownFileType = sourcecode.swift; path = HomeView.swift; sourceTree = "<group>"; };
		3A648BAF1C127C1D00075159 /* APShowItemScrollView.swift */ = {isa = PBXFileReference; fileEncoding = 4; lastKnownFileType = sourcecode.swift; path = APShowItemScrollView.swift; sourceTree = "<group>"; };
		3A6829C11C069D0A0011B3D8 /* Extension.swift */ = {isa = PBXFileReference; fileEncoding = 4; lastKnownFileType = sourcecode.swift; path = Extension.swift; sourceTree = "<group>"; };
		3A6829C31C069E080011B3D8 /* SSButton.swift */ = {isa = PBXFileReference; fileEncoding = 4; lastKnownFileType = sourcecode.swift; path = SSButton.swift; sourceTree = "<group>"; };
		3A784D3F1BF5BB0E00F679D2 /* GPUImageCustomLookupFilter.swift */ = {isa = PBXFileReference; fileEncoding = 4; lastKnownFileType = sourcecode.swift; path = GPUImageCustomLookupFilter.swift; sourceTree = "<group>"; };
		3A784D411BF5BDCF00F679D2 /* FilterOperation.swift */ = {isa = PBXFileReference; fileEncoding = 4; lastKnownFileType = sourcecode.swift; path = FilterOperation.swift; sourceTree = "<group>"; };
		3A8283CF1C048004004E339F /* SSTask.swift */ = {isa = PBXFileReference; fileEncoding = 4; lastKnownFileType = sourcecode.swift; path = SSTask.swift; sourceTree = "<group>"; };
		3A8283D41C0561C5004E339F /* ImageModel.swift */ = {isa = PBXFileReference; fileEncoding = 4; lastKnownFileType = sourcecode.swift; path = ImageModel.swift; sourceTree = "<group>"; };
		3AAE5D5E1C11AB6900BAEFD8 /* PaintingView.h */ = {isa = PBXFileReference; fileEncoding = 4; lastKnownFileType = sourcecode.c.h; path = PaintingView.h; sourceTree = "<group>"; };
		3AAE5D5F1C11AB6900BAEFD8 /* PaintingView.m */ = {isa = PBXFileReference; fileEncoding = 4; lastKnownFileType = sourcecode.c.objc; path = PaintingView.m; sourceTree = "<group>"; };
		3AAE5D681C11B52E00BAEFD8 /* CGPointExtension.h */ = {isa = PBXFileReference; fileEncoding = 4; lastKnownFileType = sourcecode.c.h; path = CGPointExtension.h; sourceTree = "<group>"; };
		3AAE5D691C11B52E00BAEFD8 /* CGPointExtension.m */ = {isa = PBXFileReference; fileEncoding = 4; lastKnownFileType = sourcecode.c.objc; path = CGPointExtension.m; sourceTree = "<group>"; };
		3AAE5D6B1C11B55300BAEFD8 /* UIImage+extend.h */ = {isa = PBXFileReference; fileEncoding = 4; lastKnownFileType = sourcecode.c.h; path = "UIImage+extend.h"; sourceTree = "<group>"; };
		3AAE5D6C1C11B55300BAEFD8 /* UIImage+extend.m */ = {isa = PBXFileReference; fileEncoding = 4; lastKnownFileType = sourcecode.c.objc; path = "UIImage+extend.m"; sourceTree = "<group>"; };
		3AB67F851C0FEE7500D15A49 /* APBeautyMainViewController.swift */ = {isa = PBXFileReference; fileEncoding = 4; lastKnownFileType = sourcecode.swift; path = APBeautyMainViewController.swift; sourceTree = "<group>"; };
		3AB67F871C0FEE7500D15A49 /* APBottomButtonModel.swift */ = {isa = PBXFileReference; fileEncoding = 4; lastKnownFileType = sourcecode.swift; path = APBottomButtonModel.swift; sourceTree = "<group>"; };
		3AB67F891C0FEE7500D15A49 /* APBeautyMainBottomView.swift */ = {isa = PBXFileReference; fileEncoding = 4; lastKnownFileType = sourcecode.swift; path = APBeautyMainBottomView.swift; sourceTree = "<group>"; };
		3AB67F8A1C0FEE7500D15A49 /* APBeautyMainMiddleScrollView.swift */ = {isa = PBXFileReference; fileEncoding = 4; lastKnownFileType = sourcecode.swift; path = APBeautyMainMiddleScrollView.swift; sourceTree = "<group>"; };
		3AB67F8B1C0FEE7500D15A49 /* APBeautyMainMiddleView.swift */ = {isa = PBXFileReference; fileEncoding = 4; lastKnownFileType = sourcecode.swift; path = APBeautyMainMiddleView.swift; sourceTree = "<group>"; };
		3AB67F8C1C0FEE7500D15A49 /* APBeautyMainTopView.swift */ = {isa = PBXFileReference; fileEncoding = 4; lastKnownFileType = sourcecode.swift; path = APBeautyMainTopView.swift; sourceTree = "<group>"; };
		3AB67F991C0FEEF600D15A49 /* ScalarFilterParameter.swift */ = {isa = PBXFileReference; fileEncoding = 4; lastKnownFileType = sourcecode.swift; path = ScalarFilterParameter.swift; sourceTree = "<group>"; };
		3AB67F9B1C0FEEFF00D15A49 /* FilteredImageView.swift */ = {isa = PBXFileReference; fileEncoding = 4; lastKnownFileType = sourcecode.swift; path = FilteredImageView.swift; sourceTree = "<group>"; };
		3AB67F9D1C0FEF0F00D15A49 /* FilterDetailViewController.swift */ = {isa = PBXFileReference; fileEncoding = 4; lastKnownFileType = sourcecode.swift; path = FilterDetailViewController.swift; sourceTree = "<group>"; };
		3AB67F9E1C0FEF0F00D15A49 /* FilterListViewController.swift */ = {isa = PBXFileReference; fileEncoding = 4; lastKnownFileType = sourcecode.swift; path = FilterListViewController.swift; sourceTree = "<group>"; };
		3AB67F9F1C0FEF0F00D15A49 /* LabeledSliderView.swift */ = {isa = PBXFileReference; fileEncoding = 4; lastKnownFileType = sourcecode.swift; path = LabeledSliderView.swift; sourceTree = "<group>"; };
		3AB67FA01C0FEF0F00D15A49 /* ParameterAdjustmentView.swift */ = {isa = PBXFileReference; fileEncoding = 4; lastKnownFileType = sourcecode.swift; path = ParameterAdjustmentView.swift; sourceTree = "<group>"; };
		3AB67FA61C10191000D15A49 /* APCancelConfirmView.swift */ = {isa = PBXFileReference; fileEncoding = 4; lastKnownFileType = sourcecode.swift; path = APCancelConfirmView.swift; sourceTree = "<group>"; };
		3ADA31711BF4D73E0090DA94 /* APCameraManager.swift */ = {isa = PBXFileReference; fileEncoding = 4; lastKnownFileType = sourcecode.swift; path = APCameraManager.swift; sourceTree = "<group>"; };
		3ADA68FD1C04AC5E0036A573 /* SSTaskManager.swift */ = {isa = PBXFileReference; fileEncoding = 4; lastKnownFileType = sourcecode.swift; path = SSTaskManager.swift; sourceTree = "<group>"; };
		3ADBF69A1BEF4E04004E58F6 /* FilterModel.swift */ = {isa = PBXFileReference; fileEncoding = 4; lastKnownFileType = sourcecode.swift; path = FilterModel.swift; sourceTree = "<group>"; };
		3ADBF69C1BEF867D004E58F6 /* APCameraMainViewController.swift */ = {isa = PBXFileReference; fileEncoding = 4; lastKnownFileType = sourcecode.swift; path = APCameraMainViewController.swift; sourceTree = "<group>"; };
		3ADBF69E1BEF869D004E58F6 /* APCameraMainView.swift */ = {isa = PBXFileReference; fileEncoding = 4; lastKnownFileType = sourcecode.swift; path = APCameraMainView.swift; sourceTree = "<group>"; };
		3ADBF6A21BEF886A004E58F6 /* APCameraFilterCollectionView.swift */ = {isa = PBXFileReference; fileEncoding = 4; lastKnownFileType = sourcecode.swift; path = APCameraFilterCollectionView.swift; sourceTree = "<group>"; };
		3ADC4D2D1BF89E54008B0440 /* APPhotoBrowseViewController.swift */ = {isa = PBXFileReference; fileEncoding = 4; lastKnownFileType = sourcecode.swift; path = APPhotoBrowseViewController.swift; sourceTree = "<group>"; };
		3ADC4D321BF8B8E4008B0440 /* APImageHelper.swift */ = {isa = PBXFileReference; fileEncoding = 4; lastKnownFileType = sourcecode.swift; path = APImageHelper.swift; sourceTree = "<group>"; };
		3ADC4D341BF8BD7B008B0440 /* CustumPhotoAlbum.swift */ = {isa = PBXFileReference; fileEncoding = 4; lastKnownFileType = sourcecode.swift; path = CustumPhotoAlbum.swift; sourceTree = "<group>"; };
		3AE29F7E1BEB9A530089DE57 /* OpenShare+Alipay.h */ = {isa = PBXFileReference; fileEncoding = 4; lastKnownFileType = sourcecode.c.h; path = "OpenShare+Alipay.h"; sourceTree = "<group>"; };
		3AE29F7F1BEB9A530089DE57 /* OpenShare+Alipay.m */ = {isa = PBXFileReference; fileEncoding = 4; lastKnownFileType = sourcecode.c.objc; path = "OpenShare+Alipay.m"; sourceTree = "<group>"; };
		3AE29F801BEB9A530089DE57 /* OpenShare+QQ.h */ = {isa = PBXFileReference; fileEncoding = 4; lastKnownFileType = sourcecode.c.h; path = "OpenShare+QQ.h"; sourceTree = "<group>"; };
		3AE29F811BEB9A530089DE57 /* OpenShare+QQ.m */ = {isa = PBXFileReference; fileEncoding = 4; lastKnownFileType = sourcecode.c.objc; path = "OpenShare+QQ.m"; sourceTree = "<group>"; };
		3AE29F821BEB9A530089DE57 /* OpenShare+Renren.h */ = {isa = PBXFileReference; fileEncoding = 4; lastKnownFileType = sourcecode.c.h; path = "OpenShare+Renren.h"; sourceTree = "<group>"; };
		3AE29F831BEB9A530089DE57 /* OpenShare+Renren.m */ = {isa = PBXFileReference; fileEncoding = 4; lastKnownFileType = sourcecode.c.objc; path = "OpenShare+Renren.m"; sourceTree = "<group>"; };
		3AE29F841BEB9A530089DE57 /* OpenShare+Weibo.h */ = {isa = PBXFileReference; fileEncoding = 4; lastKnownFileType = sourcecode.c.h; path = "OpenShare+Weibo.h"; sourceTree = "<group>"; };
		3AE29F851BEB9A530089DE57 /* OpenShare+Weibo.m */ = {isa = PBXFileReference; fileEncoding = 4; lastKnownFileType = sourcecode.c.objc; path = "OpenShare+Weibo.m"; sourceTree = "<group>"; };
		3AE29F861BEB9A530089DE57 /* OpenShare+Weixin.h */ = {isa = PBXFileReference; fileEncoding = 4; lastKnownFileType = sourcecode.c.h; path = "OpenShare+Weixin.h"; sourceTree = "<group>"; };
		3AE29F871BEB9A530089DE57 /* OpenShare+Weixin.m */ = {isa = PBXFileReference; fileEncoding = 4; lastKnownFileType = sourcecode.c.objc; path = "OpenShare+Weixin.m"; sourceTree = "<group>"; };
		3AE29F881BEB9A530089DE57 /* OpenShare.h */ = {isa = PBXFileReference; fileEncoding = 4; lastKnownFileType = sourcecode.c.h; path = OpenShare.h; sourceTree = "<group>"; };
		3AE29F891BEB9A530089DE57 /* OpenShare.m */ = {isa = PBXFileReference; fileEncoding = 4; lastKnownFileType = sourcecode.c.objc; path = OpenShare.m; sourceTree = "<group>"; };
		3AE29F8A1BEB9A530089DE57 /* OpenShareHeader.h */ = {isa = PBXFileReference; fileEncoding = 4; lastKnownFileType = sourcecode.c.h; path = OpenShareHeader.h; sourceTree = "<group>"; };
		3AE29FA01BEB9B530089DE57 /* Info.plist */ = {isa = PBXFileReference; fileEncoding = 4; lastKnownFileType = text.plist.xml; path = Info.plist; sourceTree = "<group>"; };
		3AE29FA21BEB9B570089DE57 /* Assets.xcassets */ = {isa = PBXFileReference; lastKnownFileType = folder.assetcatalog; path = Assets.xcassets; sourceTree = "<group>"; };
		3AE29FA51BEB9B910089DE57 /* Base */ = {isa = PBXFileReference; lastKnownFileType = file.storyboard; name = Base; path = Base.lproj/LaunchScreen.storyboard; sourceTree = "<group>"; };
		3AE29FA71BEB9B910089DE57 /* Base */ = {isa = PBXFileReference; lastKnownFileType = file.storyboard; name = Base; path = Base.lproj/Main.storyboard; sourceTree = "<group>"; };
		3AE29FAD1BEBA11C0089DE57 /* Capture-Bridging-Header.h */ = {isa = PBXFileReference; fileEncoding = 4; lastKnownFileType = sourcecode.c.h; path = "Capture-Bridging-Header.h"; sourceTree = "<group>"; };
		3AE3789D1C0E95A3008B59FB /* PECropRectView.h */ = {isa = PBXFileReference; fileEncoding = 4; lastKnownFileType = sourcecode.c.h; path = PECropRectView.h; sourceTree = "<group>"; };
		3AE3789E1C0E95A3008B59FB /* PECropRectView.m */ = {isa = PBXFileReference; fileEncoding = 4; lastKnownFileType = sourcecode.c.objc; path = PECropRectView.m; sourceTree = "<group>"; };
		3AE3789F1C0E95A3008B59FB /* PECropView.h */ = {isa = PBXFileReference; fileEncoding = 4; lastKnownFileType = sourcecode.c.h; path = PECropView.h; sourceTree = "<group>"; };
		3AE378A01C0E95A3008B59FB /* PECropView.m */ = {isa = PBXFileReference; fileEncoding = 4; lastKnownFileType = sourcecode.c.objc; path = PECropView.m; sourceTree = "<group>"; };
		3AE378A11C0E95A3008B59FB /* PECropViewController.h */ = {isa = PBXFileReference; fileEncoding = 4; lastKnownFileType = sourcecode.c.h; path = PECropViewController.h; sourceTree = "<group>"; };
		3AE378A21C0E95A3008B59FB /* PECropViewController.m */ = {isa = PBXFileReference; fileEncoding = 4; lastKnownFileType = sourcecode.c.objc; path = PECropViewController.m; sourceTree = "<group>"; };
		3AE378A31C0E95A3008B59FB /* PEResizeControl.h */ = {isa = PBXFileReference; fileEncoding = 4; lastKnownFileType = sourcecode.c.h; path = PEResizeControl.h; sourceTree = "<group>"; };
		3AE378A41C0E95A3008B59FB /* PEResizeControl.m */ = {isa = PBXFileReference; fileEncoding = 4; lastKnownFileType = sourcecode.c.objc; path = PEResizeControl.m; sourceTree = "<group>"; };
		3AE378A51C0E95A3008B59FB /* UIImage+PECrop.h */ = {isa = PBXFileReference; fileEncoding = 4; lastKnownFileType = sourcecode.c.h; path = "UIImage+PECrop.h"; sourceTree = "<group>"; };
		3AE378A61C0E95A3008B59FB /* UIImage+PECrop.m */ = {isa = PBXFileReference; fileEncoding = 4; lastKnownFileType = sourcecode.c.objc; path = "UIImage+PECrop.m"; sourceTree = "<group>"; };
		3AE378AC1C0E95C3008B59FB /* PEPhotoCropEditorBorder@2x.png */ = {isa = PBXFileReference; lastKnownFileType = image.png; path = "PEPhotoCropEditorBorder@2x.png"; sourceTree = "<group>"; };
		3AE9581C1C16D27600E006DA /* APMosaicView.swift */ = {isa = PBXFileReference; fileEncoding = 4; lastKnownFileType = sourcecode.swift; path = APMosaicView.swift; sourceTree = "<group>"; };
		3AE9581E1C16F1EA00E006DA /* FilterControl.h */ = {isa = PBXFileReference; fileEncoding = 4; lastKnownFileType = sourcecode.c.h; path = FilterControl.h; sourceTree = "<group>"; };
		3AE9581F1C16F1EA00E006DA /* FilterControl.m */ = {isa = PBXFileReference; fileEncoding = 4; lastKnownFileType = sourcecode.c.objc; path = FilterControl.m; sourceTree = "<group>"; };
		3F099EDEB1D8234C480DBC3A /* Pods_Capture.framework */ = {isa = PBXFileReference; explicitFileType = wrapper.framework; includeInIndex = 0; path = Pods_Capture.framework; sourceTree = BUILT_PRODUCTS_DIR; };
		455D0C90082BF16AAE018890 /* Pods-Capture.debug.xcconfig */ = {isa = PBXFileReference; includeInIndex = 1; lastKnownFileType = text.xcconfig; name = "Pods-Capture.debug.xcconfig"; path = "Pods/Target Support Files/Pods-Capture/Pods-Capture.debug.xcconfig"; sourceTree = "<group>"; };
		7E47D89F3B00FB9B4443C96D /* Pods-Capture.release.xcconfig */ = {isa = PBXFileReference; includeInIndex = 1; lastKnownFileType = text.xcconfig; name = "Pods-Capture.release.xcconfig"; path = "Pods/Target Support Files/Pods-Capture/Pods-Capture.release.xcconfig"; sourceTree = "<group>"; };
/* End PBXFileReference section */

/* Begin PBXFrameworksBuildPhase section */
		3A5C845B1BEB186000712ED1 /* Frameworks */ = {
			isa = PBXFrameworksBuildPhase;
			buildActionMask = 2147483647;
			files = (
				3A5C84AF1BEC547D00712ED1 /* CoreMotion.framework in Frameworks */,
				3A5C84AD1BEC546800712ED1 /* MessageUI.framework in Frameworks */,
				3A5C84AB1BEC544C00712ED1 /* AVFoundation.framework in Frameworks */,
				3A5C84A91BEC544300712ED1 /* AudioToolbox.framework in Frameworks */,
				3A5C84A71BEC542200712ED1 /* MediaPlayer.framework in Frameworks */,
				3A5C84A51BEC53C400712ED1 /* ImageIO.framework in Frameworks */,
				3A5C84A31BEC53BC00712ED1 /* CFNetwork.framework in Frameworks */,
				3A5C84A11BEC53B400712ED1 /* EventKitUI.framework in Frameworks */,
				3A5C849F1BEC53AE00712ED1 /* EventKit.framework in Frameworks */,
				3A5C848C1BEC4DC800712ED1 /* StoreKit.framework in Frameworks */,
				3A5C848A1BEC4DC200712ED1 /* Security.framework in Frameworks */,
				3A5C84881BEC4DB800712ED1 /* libz.tbd in Frameworks */,
				3A5C84861BEC4DAF00712ED1 /* CoreTelephony.framework in Frameworks */,
				3A5C84841BEC4DA500712ED1 /* SystemConfiguration.framework in Frameworks */,
				3A5C84821BEC4D9D00712ED1 /* QuartzCore.framework in Frameworks */,
				3A5C84801BEC4D9600712ED1 /* CoreLocation.framework in Frameworks */,
				3A5C847E1BEC4D9000712ED1 /* AdSupport.framework in Frameworks */,
				3A5C849D1BEC523600712ED1 /* libBaiduMobAdSdk64bit.a in Frameworks */,
				77FB2F423657F06DA302F339 /* Pods_Capture.framework in Frameworks */,
			);
			runOnlyForDeploymentPostprocessing = 0;
		};
/* End PBXFrameworksBuildPhase section */

/* Begin PBXGroup section */
		3A5C84551BEB186000712ED1 = {
			isa = PBXGroup;
			children = (
				3A5C84601BEB186000712ED1 /* Capture */,
				3A5C845F1BEB186000712ED1 /* Products */,
				50F109D54D2BC6FA50E0FD15 /* Pods */,
				4C57EB723F34284CB8BBC62D /* Frameworks */,
			);
			sourceTree = "<group>";
		};
		3A5C845F1BEB186000712ED1 /* Products */ = {
			isa = PBXGroup;
			children = (
				3A5C845E1BEB186000712ED1 /* Capture.app */,
			);
			name = Products;
			sourceTree = "<group>";
		};
		3A5C84601BEB186000712ED1 /* Capture */ = {
			isa = PBXGroup;
			children = (
				3AE378991C0E954C008B59FB /* ThirdParty */,
				3A5C84761BEB1AE300712ED1 /* Home */,
				3A8283DD1C0580DF004E339F /* SeniorBeauty */,
				3AE29F7C1BEB9A270089DE57 /* Camera */,
				3AE29FAA1BEB9FC90089DE57 /* Global */,
				3AE29F7A1BEB9A020089DE57 /* Lib */,
				3ADC4D311BF8B8CA008B0440 /* Util */,
				3AE29F981BEB9AE10089DE57 /* Resource */,
				3A5C84611BEB186000712ED1 /* AppDelegate.swift */,
			);
			path = Capture;
			sourceTree = "<group>";
		};
		3A5C84761BEB1AE300712ED1 /* Home */ = {
			isa = PBXGroup;
			children = (
				3A5C84B11BECCB1600712ED1 /* View */,
				3A5C84771BEB1AE300712ED1 /* Controller */,
			);
			path = Home;
			sourceTree = "<group>";
		};
		3A5C84771BEB1AE300712ED1 /* Controller */ = {
			isa = PBXGroup;
			children = (
				3A5C84791BEB1B1600712ED1 /* HomeViewController.swift */,
			);
			path = Controller;
			sourceTree = "<group>";
		};
		3A5C848D1BEC523600712ED1 /* BaiduAds */ = {
			isa = PBXGroup;
			children = (
				3A5C848E1BEC523600712ED1 /* ios_api */,
			);
			path = BaiduAds;
			sourceTree = "<group>";
		};
		3A5C848E1BEC523600712ED1 /* ios_api */ = {
			isa = PBXGroup;
			children = (
				3A5C848F1BEC523600712ED1 /* BaiduMobAdCommonConfig.h */,
				3A5C84901BEC523600712ED1 /* BaiduMobAdDelegateProtocol.h */,
				3A5C84911BEC523600712ED1 /* BaiduMobAdInterstitial.h */,
				3A5C84921BEC523600712ED1 /* BaiduMobAdInterstitialDelegate.h */,
				3A5C84931BEC523600712ED1 /* BaiduMobAdRecommendDelegateProtocol.h */,
				3A5C84941BEC523600712ED1 /* BaiduMobAdRecommendIcon.h */,
				3A5C84951BEC523600712ED1 /* baidumobadsdk.bundle */,
				3A5C84961BEC523600712ED1 /* BaiduMobAdSplash.h */,
				3A5C84971BEC523600712ED1 /* BaiduMobAdSplashDelegate.h */,
				3A5C84981BEC523600712ED1 /* BaiduMobAdVideoDelegate.h */,
				3A5C84991BEC523600712ED1 /* BaiduMobAdVideoView.h */,
				3A5C849A1BEC523600712ED1 /* BaiduMobAdView.h */,
				3A5C849B1BEC523600712ED1 /* libBaiduMobAdSdk64bit.a */,
			);
			path = ios_api;
			sourceTree = "<group>";
		};
		3A5C84B11BECCB1600712ED1 /* View */ = {
			isa = PBXGroup;
			children = (
				3A5C84B21BECCB4100712ED1 /* HomeView.swift */,
			);
			path = View;
			sourceTree = "<group>";
		};
		3A6829C01C069D0A0011B3D8 /* CustomClass */ = {
			isa = PBXGroup;
			children = (
				3A6829C11C069D0A0011B3D8 /* Extension.swift */,
				3A6829C31C069E080011B3D8 /* SSButton.swift */,
			);
			path = CustomClass;
			sourceTree = "<group>";
		};
		3A784D3C1BF5BA2000F679D2 /* CustomFilters */ = {
			isa = PBXGroup;
			children = (
				3A784D3F1BF5BB0E00F679D2 /* GPUImageCustomLookupFilter.swift */,
				2AFEAEBC1D01667A00BC9AF3 /* SSGPUImageBeautyFilter.h */,
				2AFEAEBD1D01667A00BC9AF3 /* SSGPUImageBeautyFilter.m */,
			);
			path = CustomFilters;
			sourceTree = "<group>";
		};
		3A8283DD1C0580DF004E339F /* SeniorBeauty */ = {
			isa = PBXGroup;
			children = (
				3AE958171C16D1D100E006DA /* Mosaic */,
				3ADEB2851C10897B0093A7A9 /* Magic */,
				3AB67F951C0FEE8E00D15A49 /* FilterAjust */,
				3AB67F831C0FEE7500D15A49 /* SeniorHome */,
			);
			path = SeniorBeauty;
			sourceTree = "<group>";
		};
		3AB67F831C0FEE7500D15A49 /* SeniorHome */ = {
			isa = PBXGroup;
			children = (
				3AB67F841C0FEE7500D15A49 /* Controller */,
				3AB67F861C0FEE7500D15A49 /* Model */,
				3AB67F881C0FEE7500D15A49 /* View */,
			);
			path = SeniorHome;
			sourceTree = "<group>";
		};
		3AB67F841C0FEE7500D15A49 /* Controller */ = {
			isa = PBXGroup;
			children = (
				3AB67F851C0FEE7500D15A49 /* APBeautyMainViewController.swift */,
			);
			path = Controller;
			sourceTree = "<group>";
		};
		3AB67F861C0FEE7500D15A49 /* Model */ = {
			isa = PBXGroup;
			children = (
				3AB67F871C0FEE7500D15A49 /* APBottomButtonModel.swift */,
			);
			path = Model;
			sourceTree = "<group>";
		};
		3AB67F881C0FEE7500D15A49 /* View */ = {
			isa = PBXGroup;
			children = (
				3AB67F891C0FEE7500D15A49 /* APBeautyMainBottomView.swift */,
				3AB67F8A1C0FEE7500D15A49 /* APBeautyMainMiddleScrollView.swift */,
				3AB67F8B1C0FEE7500D15A49 /* APBeautyMainMiddleView.swift */,
				3AB67F8C1C0FEE7500D15A49 /* APBeautyMainTopView.swift */,
			);
			path = View;
			sourceTree = "<group>";
		};
		3AB67F951C0FEE8E00D15A49 /* FilterAjust */ = {
			isa = PBXGroup;
			children = (
				3AB67F981C0FEEE700D15A49 /* View */,
				3AB67F971C0FEED700D15A49 /* Model */,
				3AB67F961C0FEEBD00D15A49 /* Controller */,
			);
			path = FilterAjust;
			sourceTree = "<group>";
		};
		3AB67F961C0FEEBD00D15A49 /* Controller */ = {
			isa = PBXGroup;
			children = (
				3AB67F9D1C0FEF0F00D15A49 /* FilterDetailViewController.swift */,
				3AB67F9E1C0FEF0F00D15A49 /* FilterListViewController.swift */,
				3AB67F9F1C0FEF0F00D15A49 /* LabeledSliderView.swift */,
				3AB67FA01C0FEF0F00D15A49 /* ParameterAdjustmentView.swift */,
			);
			name = Controller;
			sourceTree = "<group>";
		};
		3AB67F971C0FEED700D15A49 /* Model */ = {
			isa = PBXGroup;
			children = (
				3AB67F991C0FEEF600D15A49 /* ScalarFilterParameter.swift */,
			);
			name = Model;
			sourceTree = "<group>";
		};
		3AB67F981C0FEEE700D15A49 /* View */ = {
			isa = PBXGroup;
			children = (
				3AB67F9B1C0FEEFF00D15A49 /* FilteredImageView.swift */,
			);
			name = View;
			sourceTree = "<group>";
		};
		3AB67FA51C1018F800D15A49 /* View */ = {
			isa = PBXGroup;
			children = (
				3AB67FA61C10191000D15A49 /* APCancelConfirmView.swift */,
				3A648BAF1C127C1D00075159 /* APShowItemScrollView.swift */,
			);
			path = View;
			sourceTree = "<group>";
		};
		3ADA155D1BF63638002D8EFF /* Image */ = {
			isa = PBXGroup;
			children = (
				3ADA155E1BF63638002D8EFF /* Filter */,
			);
			path = Image;
			sourceTree = "<group>";
		};
		3ADA155E1BF63638002D8EFF /* Filter */ = {
			isa = PBXGroup;
			children = (
			);
			path = Filter;
			sourceTree = "<group>";
		};
		3ADA31701BF4D7000090DA94 /* Model */ = {
			isa = PBXGroup;
			children = (
				3ADA31711BF4D73E0090DA94 /* APCameraManager.swift */,
				3A784D411BF5BDCF00F679D2 /* FilterOperation.swift */,
			);
			path = Model;
			sourceTree = "<group>";
		};
		3ADBF6951BEF4DB2004E58F6 /* Controller */ = {
			isa = PBXGroup;
			children = (
				3ADBF69C1BEF867D004E58F6 /* APCameraMainViewController.swift */,
				3ADC4D2D1BF89E54008B0440 /* APPhotoBrowseViewController.swift */,
			);
			path = Controller;
			sourceTree = "<group>";
		};
		3ADBF6961BEF4DB2004E58F6 /* View */ = {
			isa = PBXGroup;
			children = (
				3A1EF7911C17D06600AE325C /* NotifyAnimateView.swift */,
				3A1EF78D1C17D04600AE325C /* GestureView.swift */,
				3ADBF69E1BEF869D004E58F6 /* APCameraMainView.swift */,
				3ADBF6A21BEF886A004E58F6 /* APCameraFilterCollectionView.swift */,
			);
			path = View;
			sourceTree = "<group>";
		};
		3ADBF6991BEF4E04004E58F6 /* Model */ = {
			isa = PBXGroup;
			children = (
				3ADBF69A1BEF4E04004E58F6 /* FilterModel.swift */,
				3A8283D41C0561C5004E339F /* ImageModel.swift */,
			);
			path = Model;
			sourceTree = "<group>";
		};
		3ADC4D311BF8B8CA008B0440 /* Util */ = {
			isa = PBXGroup;
			children = (
				3ADC4D321BF8B8E4008B0440 /* APImageHelper.swift */,
				3ADC4D341BF8BD7B008B0440 /* CustumPhotoAlbum.swift */,
				3A8283CF1C048004004E339F /* SSTask.swift */,
				3ADA68FD1C04AC5E0036A573 /* SSTaskManager.swift */,
			);
			path = Util;
			sourceTree = "<group>";
		};
		3ADEB2851C10897B0093A7A9 /* Magic */ = {
			isa = PBXGroup;
			children = (
				3AAE5D6B1C11B55300BAEFD8 /* UIImage+extend.h */,
				3AAE5D6C1C11B55300BAEFD8 /* UIImage+extend.m */,
				3AAE5D681C11B52E00BAEFD8 /* CGPointExtension.h */,
				3AAE5D691C11B52E00BAEFD8 /* CGPointExtension.m */,
				3AAE5D5E1C11AB6900BAEFD8 /* PaintingView.h */,
				3AAE5D5F1C11AB6900BAEFD8 /* PaintingView.m */,
			);
			path = Magic;
			sourceTree = "<group>";
		};
		3AE29F7A1BEB9A020089DE57 /* Lib */ = {
			isa = PBXGroup;
			children = (
				3AE29F7D1BEB9A530089DE57 /* OpenShare */,
				3A5C848D1BEC523600712ED1 /* BaiduAds */,
				3A5C84AE1BEC547D00712ED1 /* CoreMotion.framework */,
				3A5C84AC1BEC546800712ED1 /* MessageUI.framework */,
				3A5C84AA1BEC544C00712ED1 /* AVFoundation.framework */,
				3A5C84A81BEC544300712ED1 /* AudioToolbox.framework */,
				3A5C84A61BEC542200712ED1 /* MediaPlayer.framework */,
				3A5C84A41BEC53C400712ED1 /* ImageIO.framework */,
				3A5C84A21BEC53BC00712ED1 /* CFNetwork.framework */,
				3A5C84A01BEC53B400712ED1 /* EventKitUI.framework */,
				3A5C849E1BEC53AE00712ED1 /* EventKit.framework */,
				3A5C848B1BEC4DC800712ED1 /* StoreKit.framework */,
				3A5C84891BEC4DC200712ED1 /* Security.framework */,
				3A5C84871BEC4DB800712ED1 /* libz.tbd */,
				3A5C84851BEC4DAF00712ED1 /* CoreTelephony.framework */,
				3A5C84831BEC4DA500712ED1 /* SystemConfiguration.framework */,
				3A5C84811BEC4D9D00712ED1 /* QuartzCore.framework */,
				3A5C847F1BEC4D9600712ED1 /* CoreLocation.framework */,
				3A5C847D1BEC4D8F00712ED1 /* AdSupport.framework */,
			);
			path = Lib;
			sourceTree = "<group>";
		};
		3AE29F7C1BEB9A270089DE57 /* Camera */ = {
			isa = PBXGroup;
			children = (
				3A784D3C1BF5BA2000F679D2 /* CustomFilters */,
				3ADBF6951BEF4DB2004E58F6 /* Controller */,
				3ADBF6961BEF4DB2004E58F6 /* View */,
				3ADA31701BF4D7000090DA94 /* Model */,
			);
			path = Camera;
			sourceTree = "<group>";
		};
		3AE29F7D1BEB9A530089DE57 /* OpenShare */ = {
			isa = PBXGroup;
			children = (
				3AE29F7E1BEB9A530089DE57 /* OpenShare+Alipay.h */,
				3AE29F7F1BEB9A530089DE57 /* OpenShare+Alipay.m */,
				3AE29F801BEB9A530089DE57 /* OpenShare+QQ.h */,
				3AE29F811BEB9A530089DE57 /* OpenShare+QQ.m */,
				3AE29F821BEB9A530089DE57 /* OpenShare+Renren.h */,
				3AE29F831BEB9A530089DE57 /* OpenShare+Renren.m */,
				3AE29F841BEB9A530089DE57 /* OpenShare+Weibo.h */,
				3AE29F851BEB9A530089DE57 /* OpenShare+Weibo.m */,
				3AE29F861BEB9A530089DE57 /* OpenShare+Weixin.h */,
				3AE29F871BEB9A530089DE57 /* OpenShare+Weixin.m */,
				3AE29F881BEB9A530089DE57 /* OpenShare.h */,
				3AE29F891BEB9A530089DE57 /* OpenShare.m */,
				3AE29F8A1BEB9A530089DE57 /* OpenShareHeader.h */,
			);
			path = OpenShare;
			sourceTree = "<group>";
		};
		3AE29F981BEB9AE10089DE57 /* Resource */ = {
			isa = PBXGroup;
			children = (
				3ADA155D1BF63638002D8EFF /* Image */,
				3AE29FA41BEB9B910089DE57 /* LaunchScreen.storyboard */,
				3AE29FA61BEB9B910089DE57 /* Main.storyboard */,
				3AE29FA21BEB9B570089DE57 /* Assets.xcassets */,
				3AE29FA01BEB9B530089DE57 /* Info.plist */,
			);
			path = Resource;
			sourceTree = "<group>";
		};
		3AE29FAA1BEB9FC90089DE57 /* Global */ = {
			isa = PBXGroup;
			children = (
				3AB67FA51C1018F800D15A49 /* View */,
				3A6829C01C069D0A0011B3D8 /* CustomClass */,
				3ADBF6991BEF4E04004E58F6 /* Model */,
				3AE29FAD1BEBA11C0089DE57 /* Capture-Bridging-Header.h */,
				3A5C847B1BEC462E00712ED1 /* GlobalDef.swift */,
			);
			path = Global;
			sourceTree = "<group>";
		};
		3AE378991C0E954C008B59FB /* ThirdParty */ = {
			isa = PBXGroup;
			children = (
				3AE3789C1C0E95A3008B59FB /* PECrop */,
			);
			path = ThirdParty;
			sourceTree = "<group>";
		};
		3AE3789C1C0E95A3008B59FB /* PECrop */ = {
			isa = PBXGroup;
			children = (
				3AE378AC1C0E95C3008B59FB /* PEPhotoCropEditorBorder@2x.png */,
				3AE3789D1C0E95A3008B59FB /* PECropRectView.h */,
				3AE3789E1C0E95A3008B59FB /* PECropRectView.m */,
				3AE3789F1C0E95A3008B59FB /* PECropView.h */,
				3AE378A01C0E95A3008B59FB /* PECropView.m */,
				3AE378A11C0E95A3008B59FB /* PECropViewController.h */,
				3AE378A21C0E95A3008B59FB /* PECropViewController.m */,
				3AE378A31C0E95A3008B59FB /* PEResizeControl.h */,
				3AE378A41C0E95A3008B59FB /* PEResizeControl.m */,
				3AE378A51C0E95A3008B59FB /* UIImage+PECrop.h */,
				3AE378A61C0E95A3008B59FB /* UIImage+PECrop.m */,
			);
			path = PECrop;
			sourceTree = "<group>";
		};
		3AE958171C16D1D100E006DA /* Mosaic */ = {
			isa = PBXGroup;
			children = (
				3AE9581E1C16F1EA00E006DA /* FilterControl.h */,
				3AE9581F1C16F1EA00E006DA /* FilterControl.m */,
				3AE9581C1C16D27600E006DA /* APMosaicView.swift */,
			);
			path = Mosaic;
			sourceTree = "<group>";
		};
		4C57EB723F34284CB8BBC62D /* Frameworks */ = {
			isa = PBXGroup;
			children = (
				3F099EDEB1D8234C480DBC3A /* Pods_Capture.framework */,
			);
			name = Frameworks;
			sourceTree = "<group>";
		};
		50F109D54D2BC6FA50E0FD15 /* Pods */ = {
			isa = PBXGroup;
			children = (
				455D0C90082BF16AAE018890 /* Pods-Capture.debug.xcconfig */,
				7E47D89F3B00FB9B4443C96D /* Pods-Capture.release.xcconfig */,
			);
			name = Pods;
			sourceTree = "<group>";
		};
/* End PBXGroup section */

/* Begin PBXNativeTarget section */
		3A5C845D1BEB186000712ED1 /* Capture */ = {
			isa = PBXNativeTarget;
			buildConfigurationList = 3A5C84701BEB186000712ED1 /* Build configuration list for PBXNativeTarget "Capture" */;
			buildPhases = (
				376D56F23E7C8E21178C80E1 /* Check Pods Manifest.lock */,
				3A5C845A1BEB186000712ED1 /* Sources */,
				3A5C845B1BEB186000712ED1 /* Frameworks */,
				3A5C845C1BEB186000712ED1 /* Resources */,
				D473ED387FAB3F269EBB3E5E /* Embed Pods Frameworks */,
				03176D981D2718FB16A59FBD /* Copy Pods Resources */,
			);
			buildRules = (
			);
			dependencies = (
			);
			name = Capture;
			productName = Capture;
			productReference = 3A5C845E1BEB186000712ED1 /* Capture.app */;
			productType = "com.apple.product-type.application";
		};
/* End PBXNativeTarget section */

/* Begin PBXProject section */
		3A5C84561BEB186000712ED1 /* Project object */ = {
			isa = PBXProject;
			attributes = {
				LastSwiftUpdateCheck = 0710;
				LastUpgradeCheck = 0710;
				ORGANIZATIONNAME = ShawnDu;
				TargetAttributes = {
					3A5C845D1BEB186000712ED1 = {
						CreatedOnToolsVersion = 7.1;
						DevelopmentTeam = A9VAJDN54X;
					};
				};
			};
			buildConfigurationList = 3A5C84591BEB186000712ED1 /* Build configuration list for PBXProject "Capture" */;
			compatibilityVersion = "Xcode 3.2";
			developmentRegion = English;
			hasScannedForEncodings = 0;
			knownRegions = (
				en,
				Base,
			);
			mainGroup = 3A5C84551BEB186000712ED1;
			productRefGroup = 3A5C845F1BEB186000712ED1 /* Products */;
			projectDirPath = "";
			projectRoot = "";
			targets = (
				3A5C845D1BEB186000712ED1 /* Capture */,
			);
		};
/* End PBXProject section */

/* Begin PBXResourcesBuildPhase section */
		3A5C845C1BEB186000712ED1 /* Resources */ = {
			isa = PBXResourcesBuildPhase;
			buildActionMask = 2147483647;
			files = (
				3AE29FA81BEB9B910089DE57 /* LaunchScreen.storyboard in Resources */,
				3AE29FA31BEB9B570089DE57 /* Assets.xcassets in Resources */,
				3A5C849C1BEC523600712ED1 /* baidumobadsdk.bundle in Resources */,
				3AE29FA91BEB9B910089DE57 /* Main.storyboard in Resources */,
				3AE378AD1C0E95C3008B59FB /* PEPhotoCropEditorBorder@2x.png in Resources */,
			);
			runOnlyForDeploymentPostprocessing = 0;
		};
/* End PBXResourcesBuildPhase section */

/* Begin PBXShellScriptBuildPhase section */
		03176D981D2718FB16A59FBD /* Copy Pods Resources */ = {
			isa = PBXShellScriptBuildPhase;
			buildActionMask = 2147483647;
			files = (
			);
			inputPaths = (
			);
			name = "Copy Pods Resources";
			outputPaths = (
			);
			runOnlyForDeploymentPostprocessing = 0;
			shellPath = /bin/sh;
			shellScript = "\"${SRCROOT}/Pods/Target Support Files/Pods-Capture/Pods-Capture-resources.sh\"\n";
			showEnvVarsInLog = 0;
		};
		376D56F23E7C8E21178C80E1 /* Check Pods Manifest.lock */ = {
			isa = PBXShellScriptBuildPhase;
			buildActionMask = 2147483647;
			files = (
			);
			inputPaths = (
			);
			name = "Check Pods Manifest.lock";
			outputPaths = (
			);
			runOnlyForDeploymentPostprocessing = 0;
			shellPath = /bin/sh;
			shellScript = "diff \"${PODS_ROOT}/../Podfile.lock\" \"${PODS_ROOT}/Manifest.lock\" > /dev/null\nif [[ $? != 0 ]] ; then\n    cat << EOM\nerror: The sandbox is not in sync with the Podfile.lock. Run 'pod install' or update your CocoaPods installation.\nEOM\n    exit 1\nfi\n";
			showEnvVarsInLog = 0;
		};
		D473ED387FAB3F269EBB3E5E /* Embed Pods Frameworks */ = {
			isa = PBXShellScriptBuildPhase;
			buildActionMask = 2147483647;
			files = (
			);
			inputPaths = (
			);
			name = "Embed Pods Frameworks";
			outputPaths = (
			);
			runOnlyForDeploymentPostprocessing = 0;
			shellPath = /bin/sh;
			shellScript = "\"${SRCROOT}/Pods/Target Support Files/Pods-Capture/Pods-Capture-frameworks.sh\"\n";
			showEnvVarsInLog = 0;
		};
/* End PBXShellScriptBuildPhase section */

/* Begin PBXSourcesBuildPhase section */
		3A5C845A1BEB186000712ED1 /* Sources */ = {
			isa = PBXSourcesBuildPhase;
			buildActionMask = 2147483647;
			files = (
				3AE9581D1C16D27600E006DA /* APMosaicView.swift in Sources */,
				3A5C84621BEB186000712ED1 /* AppDelegate.swift in Sources */,
				3A784D421BF5BDCF00F679D2 /* FilterOperation.swift in Sources */,
				3AE29F931BEB9A530089DE57 /* OpenShare+Renren.m in Sources */,
				3ADBF69F1BEF869D004E58F6 /* APCameraMainView.swift in Sources */,
				3AB67F911C0FEE7500D15A49 /* APBeautyMainMiddleScrollView.swift in Sources */,
				3AB67F9C1C0FEEFF00D15A49 /* FilteredImageView.swift in Sources */,
				3AB67FA11C0FEF0F00D15A49 /* FilterDetailViewController.swift in Sources */,
				3ADBF69D1BEF867D004E58F6 /* APCameraMainViewController.swift in Sources */,
				3ADBF69B1BEF4E04004E58F6 /* FilterModel.swift in Sources */,
				3ADC4D331BF8B8E4008B0440 /* APImageHelper.swift in Sources */,
				3AB67F8F1C0FEE7500D15A49 /* APBottomButtonModel.swift in Sources */,
				3AB67FA21C0FEF0F00D15A49 /* FilterListViewController.swift in Sources */,
				3A1EF7921C17D06600AE325C /* NotifyAnimateView.swift in Sources */,
				3A8283D51C0561C5004E339F /* ImageModel.swift in Sources */,
				3A1EF78E1C17D04600AE325C /* GestureView.swift in Sources */,
				3ADA31721BF4D73E0090DA94 /* APCameraManager.swift in Sources */,
				3A5C847A1BEB1B1600712ED1 /* HomeViewController.swift in Sources */,
				3A784D401BF5BB0F00F679D2 /* GPUImageCustomLookupFilter.swift in Sources */,
				3AB67FA71C10191000D15A49 /* APCancelConfirmView.swift in Sources */,
				3AAE5D611C11AB6900BAEFD8 /* PaintingView.m in Sources */,
				3AE29F961BEB9A530089DE57 /* OpenShare.m in Sources */,
				3ADA68FE1C04AC5E0036A573 /* SSTaskManager.swift in Sources */,
				3AE378AA1C0E95A3008B59FB /* PEResizeControl.m in Sources */,
				3AB67FA31C0FEF0F00D15A49 /* LabeledSliderView.swift in Sources */,
				3AE378A91C0E95A3008B59FB /* PECropViewController.m in Sources */,
				3AE29F911BEB9A530089DE57 /* OpenShare+Alipay.m in Sources */,
				3AB67F931C0FEE7500D15A49 /* APBeautyMainTopView.swift in Sources */,
				2AFEAEBE1D01667A00BC9AF3 /* SSGPUImageBeautyFilter.m in Sources */,
				3A5C847C1BEC462E00712ED1 /* GlobalDef.swift in Sources */,
				3AE378A81C0E95A3008B59FB /* PECropView.m in Sources */,
				3AB67FA41C0FEF0F00D15A49 /* ParameterAdjustmentView.swift in Sources */,
				3AB67F901C0FEE7500D15A49 /* APBeautyMainBottomView.swift in Sources */,
				3AE29F941BEB9A530089DE57 /* OpenShare+Weibo.m in Sources */,
				3AB67F8E1C0FEE7500D15A49 /* APBeautyMainViewController.swift in Sources */,
				3AE29F921BEB9A530089DE57 /* OpenShare+QQ.m in Sources */,
				3AB67F9A1C0FEEF600D15A49 /* ScalarFilterParameter.swift in Sources */,
				3A8283D01C048004004E339F /* SSTask.swift in Sources */,
				3ADC4D351BF8BD7B008B0440 /* CustumPhotoAlbum.swift in Sources */,
				3AE958201C16F1EA00E006DA /* FilterControl.m in Sources */,
				3AAE5D6D1C11B55300BAEFD8 /* UIImage+extend.m in Sources */,
				3A6829C21C069D0A0011B3D8 /* Extension.swift in Sources */,
				3AE378A71C0E95A3008B59FB /* PECropRectView.m in Sources */,
				3A5C84B31BECCB4100712ED1 /* HomeView.swift in Sources */,
				3AB67F921C0FEE7500D15A49 /* APBeautyMainMiddleView.swift in Sources */,
				3AAE5D6A1C11B52E00BAEFD8 /* CGPointExtension.m in Sources */,
				3AE378AB1C0E95A3008B59FB /* UIImage+PECrop.m in Sources */,
				3ADBF6A31BEF886A004E58F6 /* APCameraFilterCollectionView.swift in Sources */,
				3A6829C41C069E080011B3D8 /* SSButton.swift in Sources */,
				3ADC4D2E1BF89E54008B0440 /* APPhotoBrowseViewController.swift in Sources */,
				3A648BB01C127C1D00075159 /* APShowItemScrollView.swift in Sources */,
				3AE29F951BEB9A530089DE57 /* OpenShare+Weixin.m in Sources */,
			);
			runOnlyForDeploymentPostprocessing = 0;
		};
/* End PBXSourcesBuildPhase section */

/* Begin PBXVariantGroup section */
		3AE29FA41BEB9B910089DE57 /* LaunchScreen.storyboard */ = {
			isa = PBXVariantGroup;
			children = (
				3AE29FA51BEB9B910089DE57 /* Base */,
			);
			name = LaunchScreen.storyboard;
			sourceTree = "<group>";
		};
		3AE29FA61BEB9B910089DE57 /* Main.storyboard */ = {
			isa = PBXVariantGroup;
			children = (
				3AE29FA71BEB9B910089DE57 /* Base */,
			);
			name = Main.storyboard;
			sourceTree = "<group>";
		};
/* End PBXVariantGroup section */

/* Begin XCBuildConfiguration section */
		3A5C846E1BEB186000712ED1 /* Debug */ = {
			isa = XCBuildConfiguration;
			buildSettings = {
				ALWAYS_SEARCH_USER_PATHS = NO;
				CLANG_CXX_LANGUAGE_STANDARD = "gnu++0x";
				CLANG_CXX_LIBRARY = "libc++";
				CLANG_ENABLE_MODULES = YES;
				CLANG_ENABLE_OBJC_ARC = YES;
				CLANG_WARN_BOOL_CONVERSION = YES;
				CLANG_WARN_CONSTANT_CONVERSION = YES;
				CLANG_WARN_DIRECT_OBJC_ISA_USAGE = YES_ERROR;
				CLANG_WARN_EMPTY_BODY = YES;
				CLANG_WARN_ENUM_CONVERSION = YES;
				CLANG_WARN_INT_CONVERSION = YES;
				CLANG_WARN_OBJC_ROOT_CLASS = YES_ERROR;
				CLANG_WARN_UNREACHABLE_CODE = YES;
				CLANG_WARN__DUPLICATE_METHOD_MATCH = YES;
				"CODE_SIGN_IDENTITY[sdk=iphoneos*]" = "iPhone Developer";
				COPY_PHASE_STRIP = NO;
				DEBUG_INFORMATION_FORMAT = dwarf;
				ENABLE_STRICT_OBJC_MSGSEND = YES;
				ENABLE_TESTABILITY = YES;
				GCC_C_LANGUAGE_STANDARD = gnu99;
				GCC_DYNAMIC_NO_PIC = NO;
				GCC_NO_COMMON_BLOCKS = YES;
				GCC_OPTIMIZATION_LEVEL = 0;
				GCC_PREPROCESSOR_DEFINITIONS = (
					"DEBUG=1",
					"$(inherited)",
				);
				GCC_WARN_64_TO_32_BIT_CONVERSION = YES;
				GCC_WARN_ABOUT_RETURN_TYPE = YES_ERROR;
				GCC_WARN_UNDECLARED_SELECTOR = YES;
				GCC_WARN_UNINITIALIZED_AUTOS = YES_AGGRESSIVE;
				GCC_WARN_UNUSED_FUNCTION = YES;
				GCC_WARN_UNUSED_VARIABLE = YES;
				IPHONEOS_DEPLOYMENT_TARGET = 9.1;
				MTL_ENABLE_DEBUG_INFO = YES;
				ONLY_ACTIVE_ARCH = YES;
				SDKROOT = iphoneos;
				SWIFT_OPTIMIZATION_LEVEL = "-Onone";
			};
			name = Debug;
		};
		3A5C846F1BEB186000712ED1 /* Release */ = {
			isa = XCBuildConfiguration;
			buildSettings = {
				ALWAYS_SEARCH_USER_PATHS = NO;
				CLANG_CXX_LANGUAGE_STANDARD = "gnu++0x";
				CLANG_CXX_LIBRARY = "libc++";
				CLANG_ENABLE_MODULES = YES;
				CLANG_ENABLE_OBJC_ARC = YES;
				CLANG_WARN_BOOL_CONVERSION = YES;
				CLANG_WARN_CONSTANT_CONVERSION = YES;
				CLANG_WARN_DIRECT_OBJC_ISA_USAGE = YES_ERROR;
				CLANG_WARN_EMPTY_BODY = YES;
				CLANG_WARN_ENUM_CONVERSION = YES;
				CLANG_WARN_INT_CONVERSION = YES;
				CLANG_WARN_OBJC_ROOT_CLASS = YES_ERROR;
				CLANG_WARN_UNREACHABLE_CODE = YES;
				CLANG_WARN__DUPLICATE_METHOD_MATCH = YES;
				"CODE_SIGN_IDENTITY[sdk=iphoneos*]" = "iPhone Developer";
				COPY_PHASE_STRIP = NO;
				DEBUG_INFORMATION_FORMAT = "dwarf-with-dsym";
				ENABLE_NS_ASSERTIONS = NO;
				ENABLE_STRICT_OBJC_MSGSEND = YES;
				GCC_C_LANGUAGE_STANDARD = gnu99;
				GCC_NO_COMMON_BLOCKS = YES;
				GCC_WARN_64_TO_32_BIT_CONVERSION = YES;
				GCC_WARN_ABOUT_RETURN_TYPE = YES_ERROR;
				GCC_WARN_UNDECLARED_SELECTOR = YES;
				GCC_WARN_UNINITIALIZED_AUTOS = YES_AGGRESSIVE;
				GCC_WARN_UNUSED_FUNCTION = YES;
				GCC_WARN_UNUSED_VARIABLE = YES;
				IPHONEOS_DEPLOYMENT_TARGET = 9.1;
				MTL_ENABLE_DEBUG_INFO = NO;
				SDKROOT = iphoneos;
				VALIDATE_PRODUCT = YES;
			};
			name = Release;
		};
		3A5C84711BEB186000712ED1 /* Debug */ = {
			isa = XCBuildConfiguration;
			baseConfigurationReference = 455D0C90082BF16AAE018890 /* Pods-Capture.debug.xcconfig */;
			buildSettings = {
				ASSETCATALOG_COMPILER_APPICON_NAME = AppIcon;
				CODE_SIGN_IDENTITY = "iPhone Developer";
				DEFINES_MODULE = NO;
				ENABLE_BITCODE = NO;
				HEADER_SEARCH_PATHS = "";
				INFOPLIST_FILE = "$(SRCROOT)/Capture/Resource/Info.plist";
				IPHONEOS_DEPLOYMENT_TARGET = 8.0;
				LD_RUNPATH_SEARCH_PATHS = "$(inherited) @executable_path/Frameworks";
				LIBRARY_SEARCH_PATHS = (
					"$(inherited)",
					"$(PROJECT_DIR)/Capture/Lib/TecentAds",
					"$(PROJECT_DIR)/Capture/Lib/BaiduAds/ios_api",
				);
				OTHER_LDFLAGS = (
					"$(inherited)",
					"-lstdc++",
					"-ObjC",
				);
				PRODUCT_BUNDLE_IDENTIFIER = com.shawn.Capture;
				PRODUCT_NAME = "$(TARGET_NAME)";
				SWIFT_OBJC_BRIDGING_HEADER = "$(PROJECT_DIR)/Capture/Global/Capture-Bridging-header.h";
			};
			name = Debug;
		};
		3A5C84721BEB186000712ED1 /* Release */ = {
			isa = XCBuildConfiguration;
			baseConfigurationReference = 7E47D89F3B00FB9B4443C96D /* Pods-Capture.release.xcconfig */;
			buildSettings = {
				ASSETCATALOG_COMPILER_APPICON_NAME = AppIcon;
				CODE_SIGN_IDENTITY = "iPhone Developer";
				DEFINES_MODULE = NO;
				ENABLE_BITCODE = NO;
				HEADER_SEARCH_PATHS = "";
				INFOPLIST_FILE = "$(SRCROOT)/Capture/Resource/Info.plist";
				IPHONEOS_DEPLOYMENT_TARGET = 8.0;
				LD_RUNPATH_SEARCH_PATHS = "$(inherited) @executable_path/Frameworks";
				LIBRARY_SEARCH_PATHS = (
					"$(inherited)",
					"$(PROJECT_DIR)/Capture/Lib/TecentAds",
					"$(PROJECT_DIR)/Capture/Lib/BaiduAds/ios_api",
				);
				OTHER_LDFLAGS = (
					"$(inherited)",
					"-lstdc++",
					"-ObjC",
				);
				PRODUCT_BUNDLE_IDENTIFIER = com.shawn.Capture;
				PRODUCT_NAME = "$(TARGET_NAME)";
				SWIFT_OBJC_BRIDGING_HEADER = "$(PROJECT_DIR)/Capture/Global/Capture-Bridging-header.h";
			};
			name = Release;
		};
/* End XCBuildConfiguration section */

/* Begin XCConfigurationList section */
		3A5C84591BEB186000712ED1 /* Build configuration list for PBXProject "Capture" */ = {
			isa = XCConfigurationList;
			buildConfigurations = (
				3A5C846E1BEB186000712ED1 /* Debug */,
				3A5C846F1BEB186000712ED1 /* Release */,
			);
			defaultConfigurationIsVisible = 0;
			defaultConfigurationName = Release;
		};
		3A5C84701BEB186000712ED1 /* Build configuration list for PBXNativeTarget "Capture" */ = {
			isa = XCConfigurationList;
			buildConfigurations = (
				3A5C84711BEB186000712ED1 /* Debug */,
				3A5C84721BEB186000712ED1 /* Release */,
			);
			defaultConfigurationIsVisible = 0;
			defaultConfigurationName = Release;
		};
/* End XCConfigurationList section */
	};
	rootObject = 3A5C84561BEB186000712ED1 /* Project object */;
}
